Microsoft Visual Studio Solution File, Format Version 9.00
# Visual C++ Express 2005
Project("{8BC9CEB8-8B4A-11D0-8D11-00A0C91BC942}") = "DreamZZT", "DreamZZT.vcproj", "{942DD4EA-3BD6-430B-87EC-6D823DEC37CD}"
EndProject
Global
	GlobalSection(SolutionConfigurationPlatforms) = preSolution
		Debug|Win32 = Debug|Win32
		Release|Win32 = Release|Win32
	EndGlobalSection
	GlobalSection(ProjectConfigurationPlatforms) = postSolution
		{942DD4EA-3BD6-430B-87EC-6D823DEC37CD}.Debug|Win32.ActiveCfg = Debug|Win32
		{942DD4EA-3BD6-430B-87EC-6D823DEC37CD}.Debug|Win32.Build.0 = Debug|Win32
		{942DD4EA-3BD6-430B-87EC-6D823DEC37CD}.Release|Win32.ActiveCfg = Release|Win32
		{942DD4EA-3BD6-430B-87EC-6D823DEC37CD}.Release|Win32.Build.0 = Release|Win32
	EndGlobalSection
	GlobalSection(SolutionProperties) = preSolution
		HideSolutionNode = FALSE
	EndGlobalSection
EndGlobal
