// !$*UTF8*$!
{
	archiveVersion = 1;
	classes = {
	};
	objectVersion = 42;
	objects = {

/* Begin PBXBuildFile section */
		222084870A4CD20800D75C24 /* window.cpp in Sources */ = {isa = PBXBuildFile; fileRef = 222084860A4CD20800D75C24 /* window.cpp */; };
		22243F810BF3D480000D3055 /* dreamzzt.png in Resources */ = {isa = PBXBuildFile; fileRef = 22243F800BF3D480000D3055 /* dreamzzt.png */; };
		2224417A0BF65406000D3055 /* bugreport.cpp in Sources */ = {isa = PBXBuildFile; fileRef = 222441790BF65406000D3055 /* bugreport.cpp */; };
		223229BE0A16C63C0035025E /* sound.cpp in Sources */ = {isa = PBXBuildFile; fileRef = 223229BC0A16C63C0035025E /* sound.cpp */; };
		223A59B40C137375008370C5 /* pluto.c in Sources */ = {isa = PBXBuildFile; fileRef = 223A59B30C137375008370C5 /* pluto.c */; };
		224200C30A0C569300F4BDF2 /* passage.cpp in Sources */ = {isa = PBXBuildFile; fileRef = 224200B80A0C569300F4BDF2 /* passage.cpp */; };
		224200C40A0C569300F4BDF2 /* terrain.cpp in Sources */ = {isa = PBXBuildFile; fileRef = 224200B90A0C569300F4BDF2 /* terrain.cpp */; };
		224200C50A0C569300F4BDF2 /* bullet.cpp in Sources */ = {isa = PBXBuildFile; fileRef = 224200BA0A0C569300F4BDF2 /* bullet.cpp */; };
		224200C60A0C569300F4BDF2 /* enemy.cpp in Sources */ = {isa = PBXBuildFile; fileRef = 224200BB0A0C569300F4BDF2 /* enemy.cpp */; };
		224200C70A0C569300F4BDF2 /* dup.cpp in Sources */ = {isa = PBXBuildFile; fileRef = 224200BC0A0C569300F4BDF2 /* dup.cpp */; };
		224200C80A0C569300F4BDF2 /* zztoop.cpp in Sources */ = {isa = PBXBuildFile; fileRef = 224200BD0A0C569300F4BDF2 /* zztoop.cpp */; };
		224200C90A0C569300F4BDF2 /* pusher.cpp in Sources */ = {isa = PBXBuildFile; fileRef = 224200BE0A0C569300F4BDF2 /* pusher.cpp */; };
		224200CA0A0C569300F4BDF2 /* bomb.cpp in Sources */ = {isa = PBXBuildFile; fileRef = 224200BF0A0C569300F4BDF2 /* bomb.cpp */; };
		224200CB0A0C569300F4BDF2 /* items.cpp in Sources */ = {isa = PBXBuildFile; fileRef = 224200C00A0C569300F4BDF2 /* items.cpp */; };
		224200CD0A0C569300F4BDF2 /* player.cpp in Sources */ = {isa = PBXBuildFile; fileRef = 224200C20A0C569300F4BDF2 /* player.cpp */; };
		2242FBA70A0C104300F4BDF2 /* word.cpp in Sources */ = {isa = PBXBuildFile; fileRef = 2242FB9E0A0C104300F4BDF2 /* word.cpp */; };
		2242FBE00A0C11DF00F4BDF2 /* main.cpp in Sources */ = {isa = PBXBuildFile; fileRef = 2242FBDF0A0C11DF00F4BDF2 /* main.cpp */; };
		2242FDA50A0C26F500F4BDF2 /* board.cpp in Sources */ = {isa = PBXBuildFile; fileRef = 2242FDA40A0C26F500F4BDF2 /* board.cpp */; };
		2242FDD50A0C312500F4BDF2 /* status.cpp in Sources */ = {isa = PBXBuildFile; fileRef = 2242FDD40A0C312500F4BDF2 /* status.cpp */; };
		2242FDEA0A0C31F100F4BDF2 /* object.cpp in Sources */ = {isa = PBXBuildFile; fileRef = 2242FDE90A0C31F100F4BDF2 /* object.cpp */; };
		2242FE470A0C373400F4BDF2 /* objdb in Resources */ = {isa = PBXBuildFile; fileRef = 2242FE460A0C373400F4BDF2 /* objdb */; };
		2242FF2A0A0C442100F4BDF2 /* tutorial.zzt in Resources */ = {isa = PBXBuildFile; fileRef = 2242FF290A0C442100F4BDF2 /* tutorial.zzt */; };
		2260B7180B3EABB1003AE79A /* console.cpp in Sources */ = {isa = PBXBuildFile; fileRef = 2260B7170B3EABB1003AE79A /* console.cpp */; };
		226F410D0B18BF9C00FC07AE /* Controller.m in Sources */ = {isa = PBXBuildFile; fileRef = 226F410C0B18BF9C00FC07AE /* Controller.m */; };
		226F41110B18BFFB00FC07AE /* os.mm in Sources */ = {isa = PBXBuildFile; fileRef = 226F41100B18BFFB00FC07AE /* os.mm */; };
		226F41BC0B19024300FC07AE /* doc_icon.icns in Resources */ = {isa = PBXBuildFile; fileRef = 226F41BB0B19024300FC07AE /* doc_icon.icns */; };
		226F41CA0B1909D800FC07AE /* sav_icon.icns in Resources */ = {isa = PBXBuildFile; fileRef = 226F41C90B1909D800FC07AE /* sav_icon.icns */; };
		22907D680A1A947800B9BB6D /* debug.cpp in Sources */ = {isa = PBXBuildFile; fileRef = 22907D660A1A947800B9BB6D /* debug.cpp */; };
		2296D4F70A0D338E00BD96D2 /* zzt-ascii.png in Resources */ = {isa = PBXBuildFile; fileRef = 2296D4F60A0D338E00BD96D2 /* zzt-ascii.png */; };
		229B982A0A1F6F4400E85BB8 /* genobjects.sh in Resources */ = {isa = PBXBuildFile; fileRef = 229B98290A1F6F4400E85BB8 /* genobjects.sh */; };
		229B9BA30A20CC5D00E85BB8 /* conveyer.cpp in Sources */ = {isa = PBXBuildFile; fileRef = 229B9BA20A20CC5D00E85BB8 /* conveyer.cpp */; };
		229DC8160B2E2F86004C0FF9 /* task.cpp in Sources */ = {isa = PBXBuildFile; fileRef = 229DC8150B2E2F86004C0FF9 /* task.cpp */; };
		22ABAB4E0A31145600B9C077 /* centipede.cpp in Sources */ = {isa = PBXBuildFile; fileRef = 22ABAB4D0A31145600B9C077 /* centipede.cpp */; };
		22AD22CC0A13FAD8003E828E /* http.cpp in Sources */ = {isa = PBXBuildFile; fileRef = 22AD22CB0A13FAD8003E828E /* http.cpp */; };
		22C84B670C1399F1004F5B6D /* Tiki.framework in Frameworks */ = {isa = PBXBuildFile; fileRef = 22C84B230C1399F1004F5B6D /* Tiki.framework */; };
		22C84B7C0C139A02004F5B6D /* Sparkle.framework in Frameworks */ = {isa = PBXBuildFile; fileRef = 22C84B680C139A02004F5B6D /* Sparkle.framework */; };
		22C84B910C139AD3004F5B6D /* Sparkle.framework in CopyFiles */ = {isa = PBXBuildFile; fileRef = 22C84B680C139A02004F5B6D /* Sparkle.framework */; };
		22C84B920C139AD3004F5B6D /* Tiki.framework in CopyFiles */ = {isa = PBXBuildFile; fileRef = 22C84B230C1399F1004F5B6D /* Tiki.framework */; };
		22C84C7E0C13AB22004F5B6D /* lapi.c in Sources */ = {isa = PBXBuildFile; fileRef = 22C84C3F0C13AB21004F5B6D /* lapi.c */; };
		22C84C810C13AB22004F5B6D /* lcode.c in Sources */ = {isa = PBXBuildFile; fileRef = 22C84C420C13AB21004F5B6D /* lcode.c */; };
		22C84C830C13AB22004F5B6D /* ldebug.c in Sources */ = {isa = PBXBuildFile; fileRef = 22C84C440C13AB21004F5B6D /* ldebug.c */; };
		22C84C850C13AB22004F5B6D /* ldo.c in Sources */ = {isa = PBXBuildFile; fileRef = 22C84C460C13AB21004F5B6D /* ldo.c */; };
		22C84C870C13AB22004F5B6D /* ldump.c in Sources */ = {isa = PBXBuildFile; fileRef = 22C84C480C13AB21004F5B6D /* ldump.c */; };
		22C84C880C13AB22004F5B6D /* lfunc.c in Sources */ = {isa = PBXBuildFile; fileRef = 22C84C490C13AB21004F5B6D /* lfunc.c */; };
		22C84C8A0C13AB22004F5B6D /* lgc.c in Sources */ = {isa = PBXBuildFile; fileRef = 22C84C4B0C13AB21004F5B6D /* lgc.c */; };
		22C84C8C0C13AB22004F5B6D /* lauxlib.c in Sources */ = {isa = PBXBuildFile; fileRef = 22C84C4E0C13AB21004F5B6D /* lauxlib.c */; };
		22C84C8D0C13AB22004F5B6D /* lbaselib.c in Sources */ = {isa = PBXBuildFile; fileRef = 22C84C4F0C13AB21004F5B6D /* lbaselib.c */; };
		22C84C8E0C13AB22004F5B6D /* ldblib.c in Sources */ = {isa = PBXBuildFile; fileRef = 22C84C500C13AB21004F5B6D /* ldblib.c */; };
		22C84C8F0C13AB22004F5B6D /* liolib.c in Sources */ = {isa = PBXBuildFile; fileRef = 22C84C510C13AB21004F5B6D /* liolib.c */; };
		22C84C900C13AB22004F5B6D /* lmathlib.c in Sources */ = {isa = PBXBuildFile; fileRef = 22C84C520C13AB21004F5B6D /* lmathlib.c */; };
		22C84C910C13AB22004F5B6D /* loadlib.c in Sources */ = {isa = PBXBuildFile; fileRef = 22C84C530C13AB21004F5B6D /* loadlib.c */; };
		22C84C920C13AB22004F5B6D /* lstrlib.c in Sources */ = {isa = PBXBuildFile; fileRef = 22C84C540C13AB21004F5B6D /* lstrlib.c */; };
		22C84C930C13AB22004F5B6D /* ltablib.c in Sources */ = {isa = PBXBuildFile; fileRef = 22C84C550C13AB21004F5B6D /* ltablib.c */; };
		22C84C950C13AB22004F5B6D /* README in Resources */ = {isa = PBXBuildFile; fileRef = 22C84C570C13AB21004F5B6D /* README */; };
		22C84C960C13AB22004F5B6D /* llex.c in Sources */ = {isa = PBXBuildFile; fileRef = 22C84C580C13AB21004F5B6D /* llex.c */; };
		22C84C990C13AB22004F5B6D /* lmem.c in Sources */ = {isa = PBXBuildFile; fileRef = 22C84C5B0C13AB21004F5B6D /* lmem.c */; };
		22C84C9B0C13AB22004F5B6D /* lobject.c in Sources */ = {isa = PBXBuildFile; fileRef = 22C84C5D0C13AB21004F5B6D /* lobject.c */; };
		22C84C9D0C13AB22004F5B6D /* lopcodes.c in Sources */ = {isa = PBXBuildFile; fileRef = 22C84C5F0C13AB21004F5B6D /* lopcodes.c */; };
		22C84C9F0C13AB22004F5B6D /* lparser.c in Sources */ = {isa = PBXBuildFile; fileRef = 22C84C610C13AB21004F5B6D /* lparser.c */; };
		22C84CA10C13AB22004F5B6D /* lstate.c in Sources */ = {isa = PBXBuildFile; fileRef = 22C84C630C13AB21004F5B6D /* lstate.c */; };
		22C84CA30C13AB22004F5B6D /* lstring.c in Sources */ = {isa = PBXBuildFile; fileRef = 22C84C650C13AB21004F5B6D /* lstring.c */; };
		22C84CA50C13AB22004F5B6D /* ltable.c in Sources */ = {isa = PBXBuildFile; fileRef = 22C84C670C13AB21004F5B6D /* ltable.c */; };
		22C84CA70C13AB22004F5B6D /* ltests.c in Sources */ = {isa = PBXBuildFile; fileRef = 22C84C690C13AB21004F5B6D /* ltests.c */; };
		22C84CA80C13AB22004F5B6D /* ltm.c in Sources */ = {isa = PBXBuildFile; fileRef = 22C84C6A0C13AB21004F5B6D /* ltm.c */; };
		22C84CB30C13AB22004F5B6D /* lundump.c in Sources */ = {isa = PBXBuildFile; fileRef = 22C84C770C13AB22004F5B6D /* lundump.c */; };
		22C84CB50C13AB22004F5B6D /* lvm.c in Sources */ = {isa = PBXBuildFile; fileRef = 22C84C790C13AB22004F5B6D /* lvm.c */; };
		22C84CB70C13AB22004F5B6D /* lzio.c in Sources */ = {isa = PBXBuildFile; fileRef = 22C84C7B0C13AB22004F5B6D /* lzio.c */; };
		22D2E46D0A55EAB200319F32 /* editor.cpp in Sources */ = {isa = PBXBuildFile; fileRef = 22D2E46B0A55EAB100319F32 /* editor.cpp */; };
		22EC1AC20A2B3FD700DEE79D /* icon.icns in Resources */ = {isa = PBXBuildFile; fileRef = 22EC1AC10A2B3FD600DEE79D /* icon.icns */; };
		22F3FABC0C11062700B3F65F /* lua.cpp in Sources */ = {isa = PBXBuildFile; fileRef = 22F3FABB0C11062700B3F65F /* lua.cpp */; };
		22F3FC3E0C11308600B3F65F /* tolua_event.c in Sources */ = {isa = PBXBuildFile; fileRef = 22F3FC380C11308600B3F65F /* tolua_event.c */; };
		22F3FC400C11308600B3F65F /* tolua_is.c in Sources */ = {isa = PBXBuildFile; fileRef = 22F3FC3A0C11308600B3F65F /* tolua_is.c */; };
		22F3FC410C11308600B3F65F /* tolua_map.c in Sources */ = {isa = PBXBuildFile; fileRef = 22F3FC3B0C11308600B3F65F /* tolua_map.c */; };
		22F3FC420C11308600B3F65F /* tolua_push.c in Sources */ = {isa = PBXBuildFile; fileRef = 22F3FC3C0C11308600B3F65F /* tolua_push.c */; };
		22F3FC430C11308600B3F65F /* tolua_to.c in Sources */ = {isa = PBXBuildFile; fileRef = 22F3FC3D0C11308600B3F65F /* tolua_to.c */; };
		22F3FEC30C1207F600B3F65F /* tutor.lua in Resources */ = {isa = PBXBuildFile; fileRef = 22F3FEC20C1207F600B3F65F /* tutor.lua */; };
		8D11072A0486CEB800E47090 /* MainMenu.nib in Resources */ = {isa = PBXBuildFile; fileRef = 29B97318FDCFA39411CA2CEA /* MainMenu.nib */; };
		8D11072B0486CEB800E47090 /* InfoPlist.strings in Resources */ = {isa = PBXBuildFile; fileRef = 089C165CFE840E0CC02AAC07 /* InfoPlist.strings */; };
		8D11072D0486CEB800E47090 /* main.m in Sources */ = {isa = PBXBuildFile; fileRef = 29B97316FDCFA39411CA2CEA /* main.m */; settings = {ATTRIBUTES = (); }; };
		8D11072F0486CEB800E47090 /* Cocoa.framework in Frameworks */ = {isa = PBXBuildFile; fileRef = 1058C7A1FEA54F0111CA2CBB /* Cocoa.framework */; };
		C4F50EEF0799E5B40001D0D0 /* OpenGL.framework in Frameworks */ = {isa = PBXBuildFile; fileRef = C4F50EEE0799E5B40001D0D0 /* OpenGL.framework */; };
/* End PBXBuildFile section */

/* Begin PBXCopyFilesBuildPhase section */
		C4332D16079B22450025BF39 /* CopyFiles */ = {
			isa = PBXCopyFilesBuildPhase;
			buildActionMask = 2147483647;
			dstPath = "";
			dstSubfolderSpec = 10;
			files = (
				22C84B910C139AD3004F5B6D /* Sparkle.framework in CopyFiles */,
				22C84B920C139AD3004F5B6D /* Tiki.framework in CopyFiles */,
			);
			runOnlyForDeploymentPostprocessing = 0;
		};
/* End PBXCopyFilesBuildPhase section */

/* Begin PBXFileReference section */
		089C165DFE840E0CC02AAC07 /* English */ = {isa = PBXFileReference; fileEncoding = 10; lastKnownFileType = text.plist.strings; name = English; path = English.lproj/InfoPlist.strings; sourceTree = "<group>"; };
		1058C7A1FEA54F0111CA2CBB /* Cocoa.framework */ = {isa = PBXFileReference; lastKnownFileType = wrapper.framework; name = Cocoa.framework; path = /System/Library/Frameworks/Cocoa.framework; sourceTree = "<absolute>"; };
		222084860A4CD20800D75C24 /* window.cpp */ = {isa = PBXFileReference; fileEncoding = 4; lastKnownFileType = sourcecode.cpp.cpp; name = window.cpp; path = src/window.cpp; sourceTree = "<group>"; };
		222084890A4CD23700D75C24 /* window.h */ = {isa = PBXFileReference; fileEncoding = 4; lastKnownFileType = sourcecode.c.h; name = window.h; path = include/window.h; sourceTree = "<group>"; };
		22243F800BF3D480000D3055 /* dreamzzt.png */ = {isa = PBXFileReference; lastKnownFileType = image.png; name = dreamzzt.png; path = resources/dreamzzt.png; sourceTree = "<group>"; };
		222441790BF65406000D3055 /* bugreport.cpp */ = {isa = PBXFileReference; fileEncoding = 4; lastKnownFileType = sourcecode.cpp.cpp; name = bugreport.cpp; path = src/bugreport.cpp; sourceTree = "<group>"; };
		2224417D0BF65458000D3055 /* bugreport.h */ = {isa = PBXFileReference; fileEncoding = 4; lastKnownFileType = sourcecode.c.h; name = bugreport.h; path = include/bugreport.h; sourceTree = "<group>"; };
		223229BB0A16C63C0035025E /* sound.h */ = {isa = PBXFileReference; fileEncoding = 4; lastKnownFileType = sourcecode.c.h; name = sound.h; path = include/sound.h; sourceTree = "<group>"; };
		223229BC0A16C63C0035025E /* sound.cpp */ = {isa = PBXFileReference; fileEncoding = 4; lastKnownFileType = sourcecode.cpp.cpp; name = sound.cpp; path = src/sound.cpp; sourceTree = "<group>"; };
		223A59B30C137375008370C5 /* pluto.c */ = {isa = PBXFileReference; fileEncoding = 30; lastKnownFileType = sourcecode.c.c; name = pluto.c; path = src/pluto.c; sourceTree = "<group>"; };
		223A59B50C13738A008370C5 /* pluto.h */ = {isa = PBXFileReference; fileEncoding = 30; lastKnownFileType = sourcecode.c.h; name = pluto.h; path = include/pluto.h; sourceTree = "<group>"; };
		224200B80A0C569300F4BDF2 /* passage.cpp */ = {isa = PBXFileReference; fileEncoding = 30; lastKnownFileType = sourcecode.cpp.cpp; name = passage.cpp; path = src/objects/passage.cpp; sourceTree = "<group>"; };
		224200B90A0C569300F4BDF2 /* terrain.cpp */ = {isa = PBXFileReference; fileEncoding = 30; lastKnownFileType = sourcecode.cpp.cpp; name = terrain.cpp; path = src/objects/terrain.cpp; sourceTree = "<group>"; };
		224200BA0A0C569300F4BDF2 /* bullet.cpp */ = {isa = PBXFileReference; fileEncoding = 30; lastKnownFileType = sourcecode.cpp.cpp; name = bullet.cpp; path = src/objects/bullet.cpp; sourceTree = "<group>"; };
		224200BB0A0C569300F4BDF2 /* enemy.cpp */ = {isa = PBXFileReference; fileEncoding = 30; lastKnownFileType = sourcecode.cpp.cpp; name = enemy.cpp; path = src/objects/enemy.cpp; sourceTree = "<group>"; };
		224200BC0A0C569300F4BDF2 /* dup.cpp */ = {isa = PBXFileReference; fileEncoding = 30; lastKnownFileType = sourcecode.cpp.cpp; name = dup.cpp; path = src/objects/dup.cpp; sourceTree = "<group>"; };
		224200BD0A0C569300F4BDF2 /* zztoop.cpp */ = {isa = PBXFileReference; fileEncoding = 30; lastKnownFileType = sourcecode.cpp.cpp; name = zztoop.cpp; path = src/objects/zztoop.cpp; sourceTree = "<group>"; };
		224200BE0A0C569300F4BDF2 /* pusher.cpp */ = {isa = PBXFileReference; fileEncoding = 30; lastKnownFileType = sourcecode.cpp.cpp; name = pusher.cpp; path = src/objects/pusher.cpp; sourceTree = "<group>"; };
		224200BF0A0C569300F4BDF2 /* bomb.cpp */ = {isa = PBXFileReference; fileEncoding = 30; lastKnownFileType = sourcecode.cpp.cpp; name = bomb.cpp; path = src/objects/bomb.cpp; sourceTree = "<group>"; };
		224200C00A0C569300F4BDF2 /* items.cpp */ = {isa = PBXFileReference; fileEncoding = 30; lastKnownFileType = sourcecode.cpp.cpp; name = items.cpp; path = src/objects/items.cpp; sourceTree = "<group>"; };
		224200C20A0C569300F4BDF2 /* player.cpp */ = {isa = PBXFileReference; fileEncoding = 30; lastKnownFileType = sourcecode.cpp.cpp; name = player.cpp; path = src/objects/player.cpp; sourceTree = "<group>"; };
		2242FB9E0A0C104300F4BDF2 /* word.cpp */ = {isa = PBXFileReference; fileEncoding = 30; lastKnownFileType = sourcecode.cpp.cpp; name = word.cpp; path = src/word.cpp; sourceTree = "<group>"; };
		2242FBCA0A0C109000F4BDF2 /* enemy.h */ = {isa = PBXFileReference; fileEncoding = 30; lastKnownFileType = sourcecode.c.h; path = enemy.h; sourceTree = "<group>"; };
		2242FBCB0A0C109000F4BDF2 /* items.h */ = {isa = PBXFileReference; fileEncoding = 30; lastKnownFileType = sourcecode.c.h; path = items.h; sourceTree = "<group>"; };
		2242FBCC0A0C109000F4BDF2 /* objects.h */ = {isa = PBXFileReference; fileEncoding = 30; lastKnownFileType = sourcecode.c.h; path = objects.h; sourceTree = "<group>"; };
		2242FBCD0A0C109000F4BDF2 /* terrain.h */ = {isa = PBXFileReference; fileEncoding = 30; lastKnownFileType = sourcecode.c.h; path = terrain.h; sourceTree = "<group>"; };
		2242FBCE0A0C109000F4BDF2 /* word.h */ = {isa = PBXFileReference; fileEncoding = 30; lastKnownFileType = sourcecode.c.h; name = word.h; path = include/word.h; sourceTree = "<group>"; };
		2242FBCF0A0C109000F4BDF2 /* http.h */ = {isa = PBXFileReference; fileEncoding = 30; lastKnownFileType = sourcecode.c.h; name = http.h; path = include/http.h; sourceTree = "<group>"; };
		2242FBD00A0C109000F4BDF2 /* board.h */ = {isa = PBXFileReference; fileEncoding = 30; lastKnownFileType = sourcecode.c.h; name = board.h; path = include/board.h; sourceTree = "<group>"; };
		2242FBD20A0C109000F4BDF2 /* status.h */ = {isa = PBXFileReference; fileEncoding = 30; lastKnownFileType = sourcecode.c.h; name = status.h; path = include/status.h; sourceTree = "<group>"; };
		2242FBD30A0C109000F4BDF2 /* object.h */ = {isa = PBXFileReference; fileEncoding = 30; lastKnownFileType = sourcecode.c.h; name = object.h; path = include/object.h; sourceTree = "<group>"; };
		2242FBDF0A0C11DF00F4BDF2 /* main.cpp */ = {isa = PBXFileReference; fileEncoding = 30; lastKnownFileType = sourcecode.cpp.cpp; name = main.cpp; path = src/main.cpp; sourceTree = "<group>"; };
		2242FDA40A0C26F500F4BDF2 /* board.cpp */ = {isa = PBXFileReference; fileEncoding = 30; lastKnownFileType = sourcecode.cpp.cpp; name = board.cpp; path = src/board.cpp; sourceTree = "<group>"; };
		2242FDD40A0C312500F4BDF2 /* status.cpp */ = {isa = PBXFileReference; fileEncoding = 30; lastKnownFileType = sourcecode.cpp.cpp; name = status.cpp; path = src/status.cpp; sourceTree = "<group>"; };
		2242FDE90A0C31F100F4BDF2 /* object.cpp */ = {isa = PBXFileReference; fileEncoding = 30; lastKnownFileType = sourcecode.cpp.cpp; name = object.cpp; path = src/object.cpp; sourceTree = "<group>"; };
		2242FE460A0C373400F4BDF2 /* objdb */ = {isa = PBXFileReference; fileEncoding = 30; lastKnownFileType = text; name = objdb; path = src/objdb; sourceTree = SOURCE_ROOT; };
		2242FF290A0C442100F4BDF2 /* tutorial.zzt */ = {isa = PBXFileReference; lastKnownFileType = file; name = tutorial.zzt; path = resources/tutorial.zzt; sourceTree = "<group>"; };
		2255DF120A39196600C3272B /* drums.h */ = {isa = PBXFileReference; fileEncoding = 30; lastKnownFileType = sourcecode.c.h; name = drums.h; path = include/drums.h; sourceTree = "<group>"; };
		2260B7170B3EABB1003AE79A /* console.cpp */ = {isa = PBXFileReference; fileEncoding = 30; lastKnownFileType = sourcecode.cpp.cpp; name = console.cpp; path = src/console.cpp; sourceTree = "<group>"; };
		226F40B00B18BCD800FC07AE /* os.h */ = {isa = PBXFileReference; fileEncoding = 30; lastKnownFileType = sourcecode.c.h; name = os.h; path = include/os.h; sourceTree = "<group>"; };
		226F410C0B18BF9C00FC07AE /* Controller.m */ = {isa = PBXFileReference; fileEncoding = 30; lastKnownFileType = sourcecode.c.objc; name = Controller.m; path = src/Controller.m; sourceTree = "<group>"; };
		226F41100B18BFFB00FC07AE /* os.mm */ = {isa = PBXFileReference; fileEncoding = 4; lastKnownFileType = sourcecode.cpp.objcpp; name = os.mm; path = src/os.mm; sourceTree = "<group>"; };
		226F41BB0B19024300FC07AE /* doc_icon.icns */ = {isa = PBXFileReference; lastKnownFileType = image.icns; path = doc_icon.icns; sourceTree = "<group>"; };
		226F41C90B1909D800FC07AE /* sav_icon.icns */ = {isa = PBXFileReference; lastKnownFileType = image.icns; path = sav_icon.icns; sourceTree = "<group>"; };
		22907D650A1A947800B9BB6D /* debug.h */ = {isa = PBXFileReference; fileEncoding = 4; lastKnownFileType = sourcecode.c.h; name = debug.h; path = include/debug.h; sourceTree = "<group>"; };
		22907D660A1A947800B9BB6D /* debug.cpp */ = {isa = PBXFileReference; fileEncoding = 4; lastKnownFileType = sourcecode.cpp.cpp; name = debug.cpp; path = src/debug.cpp; sourceTree = "<group>"; };
		2296D4F60A0D338E00BD96D2 /* zzt-ascii.png */ = {isa = PBXFileReference; lastKnownFileType = image.png; name = "zzt-ascii.png"; path = "resources/zzt-ascii.png"; sourceTree = "<group>"; };
		229B98290A1F6F4400E85BB8 /* genobjects.sh */ = {isa = PBXFileReference; fileEncoding = 30; lastKnownFileType = text.script.sh; name = genobjects.sh; path = src/genobjects.sh; sourceTree = "<group>"; };
		229B9BA20A20CC5D00E85BB8 /* conveyer.cpp */ = {isa = PBXFileReference; fileEncoding = 30; lastKnownFileType = sourcecode.cpp.cpp; name = conveyer.cpp; path = src/objects/conveyer.cpp; sourceTree = "<group>"; };
		229DC8150B2E2F86004C0FF9 /* task.cpp */ = {isa = PBXFileReference; fileEncoding = 4; lastKnownFileType = sourcecode.cpp.cpp; name = task.cpp; path = src/task.cpp; sourceTree = "<group>"; };
		229DC8170B2E2F9B004C0FF9 /* task.h */ = {isa = PBXFileReference; fileEncoding = 4; lastKnownFileType = sourcecode.c.h; name = task.h; path = include/task.h; sourceTree = "<group>"; };
		22ABAB4D0A31145600B9C077 /* centipede.cpp */ = {isa = PBXFileReference; fileEncoding = 4; lastKnownFileType = sourcecode.cpp.cpp; name = centipede.cpp; path = src/objects/centipede.cpp; sourceTree = "<group>"; };
		22AD22CB0A13FAD8003E828E /* http.cpp */ = {isa = PBXFileReference; fileEncoding = 30; lastKnownFileType = sourcecode.cpp.cpp; name = http.cpp; path = src/http.cpp; sourceTree = "<group>"; };
		22C84B230C1399F1004F5B6D /* Tiki.framework */ = {isa = PBXFileReference; lastKnownFileType = wrapper.framework; name = Tiki.framework; path = ../tiki/osx/build/Deployment/Tiki.framework; sourceTree = SOURCE_ROOT; };
		22C84B680C139A02004F5B6D /* Sparkle.framework */ = {isa = PBXFileReference; lastKnownFileType = wrapper.framework; path = Sparkle.framework; sourceTree = "<group>"; };
		22C84C3F0C13AB21004F5B6D /* lapi.c */ = {isa = PBXFileReference; fileEncoding = 30; lastKnownFileType = sourcecode.c.c; path = lapi.c; sourceTree = "<group>"; };
		22C84C400C13AB21004F5B6D /* lapi.h */ = {isa = PBXFileReference; fileEncoding = 30; lastKnownFileType = sourcecode.c.h; path = lapi.h; sourceTree = "<group>"; };
		22C84C410C13AB21004F5B6D /* lauxlib.h */ = {isa = PBXFileReference; fileEncoding = 30; lastKnownFileType = sourcecode.c.h; path = lauxlib.h; sourceTree = "<group>"; };
		22C84C420C13AB21004F5B6D /* lcode.c */ = {isa = PBXFileReference; fileEncoding = 30; lastKnownFileType = sourcecode.c.c; path = lcode.c; sourceTree = "<group>"; };
		22C84C430C13AB21004F5B6D /* lcode.h */ = {isa = PBXFileReference; fileEncoding = 30; lastKnownFileType = sourcecode.c.h; path = lcode.h; sourceTree = "<group>"; };
		22C84C440C13AB21004F5B6D /* ldebug.c */ = {isa = PBXFileReference; fileEncoding = 30; lastKnownFileType = sourcecode.c.c; path = ldebug.c; sourceTree = "<group>"; };
		22C84C450C13AB21004F5B6D /* ldebug.h */ = {isa = PBXFileReference; fileEncoding = 30; lastKnownFileType = sourcecode.c.h; path = ldebug.h; sourceTree = "<group>"; };
		22C84C460C13AB21004F5B6D /* ldo.c */ = {isa = PBXFileReference; fileEncoding = 30; lastKnownFileType = sourcecode.c.c; path = ldo.c; sourceTree = "<group>"; };
		22C84C470C13AB21004F5B6D /* ldo.h */ = {isa = PBXFileReference; fileEncoding = 30; lastKnownFileType = sourcecode.c.h; path = ldo.h; sourceTree = "<group>"; };
		22C84C480C13AB21004F5B6D /* ldump.c */ = {isa = PBXFileReference; fileEncoding = 30; lastKnownFileType = sourcecode.c.c; path = ldump.c; sourceTree = "<group>"; };
		22C84C490C13AB21004F5B6D /* lfunc.c */ = {isa = PBXFileReference; fileEncoding = 30; lastKnownFileType = sourcecode.c.c; path = lfunc.c; sourceTree = "<group>"; };
		22C84C4A0C13AB21004F5B6D /* lfunc.h */ = {isa = PBXFileReference; fileEncoding = 30; lastKnownFileType = sourcecode.c.h; path = lfunc.h; sourceTree = "<group>"; };
		22C84C4B0C13AB21004F5B6D /* lgc.c */ = {isa = PBXFileReference; fileEncoding = 30; lastKnownFileType = sourcecode.c.c; path = lgc.c; sourceTree = "<group>"; };
		22C84C4C0C13AB21004F5B6D /* lgc.h */ = {isa = PBXFileReference; fileEncoding = 30; lastKnownFileType = sourcecode.c.h; path = lgc.h; sourceTree = "<group>"; };
		22C84C4E0C13AB21004F5B6D /* lauxlib.c */ = {isa = PBXFileReference; fileEncoding = 30; lastKnownFileType = sourcecode.c.c; path = lauxlib.c; sourceTree = "<group>"; };
		22C84C4F0C13AB21004F5B6D /* lbaselib.c */ = {isa = PBXFileReference; fileEncoding = 30; lastKnownFileType = sourcecode.c.c; path = lbaselib.c; sourceTree = "<group>"; };
		22C84C500C13AB21004F5B6D /* ldblib.c */ = {isa = PBXFileReference; fileEncoding = 30; lastKnownFileType = sourcecode.c.c; path = ldblib.c; sourceTree = "<group>"; };
		22C84C510C13AB21004F5B6D /* liolib.c */ = {isa = PBXFileReference; fileEncoding = 30; lastKnownFileType = sourcecode.c.c; path = liolib.c; sourceTree = "<group>"; };
		22C84C520C13AB21004F5B6D /* lmathlib.c */ = {isa = PBXFileReference; fileEncoding = 30; lastKnownFileType = sourcecode.c.c; path = lmathlib.c; sourceTree = "<group>"; };
		22C84C530C13AB21004F5B6D /* loadlib.c */ = {isa = PBXFileReference; fileEncoding = 30; lastKnownFileType = sourcecode.c.c; path = loadlib.c; sourceTree = "<group>"; };
		22C84C540C13AB21004F5B6D /* lstrlib.c */ = {isa = PBXFileReference; fileEncoding = 30; lastKnownFileType = sourcecode.c.c; path = lstrlib.c; sourceTree = "<group>"; };
		22C84C550C13AB21004F5B6D /* ltablib.c */ = {isa = PBXFileReference; fileEncoding = 30; lastKnownFileType = sourcecode.c.c; path = ltablib.c; sourceTree = "<group>"; };
		22C84C570C13AB21004F5B6D /* README */ = {isa = PBXFileReference; fileEncoding = 30; lastKnownFileType = text; path = README; sourceTree = "<group>"; };
		22C84C580C13AB21004F5B6D /* llex.c */ = {isa = PBXFileReference; fileEncoding = 30; lastKnownFileType = sourcecode.c.c; path = llex.c; sourceTree = "<group>"; };
		22C84C590C13AB21004F5B6D /* llex.h */ = {isa = PBXFileReference; fileEncoding = 30; lastKnownFileType = sourcecode.c.h; path = llex.h; sourceTree = "<group>"; };
		22C84C5A0C13AB21004F5B6D /* llimits.h */ = {isa = PBXFileReference; fileEncoding = 30; lastKnownFileType = sourcecode.c.h; path = llimits.h; sourceTree = "<group>"; };
		22C84C5B0C13AB21004F5B6D /* lmem.c */ = {isa = PBXFileReference; fileEncoding = 30; lastKnownFileType = sourcecode.c.c; path = lmem.c; sourceTree = "<group>"; };
		22C84C5C0C13AB21004F5B6D /* lmem.h */ = {isa = PBXFileReference; fileEncoding = 30; lastKnownFileType = sourcecode.c.h; path = lmem.h; sourceTree = "<group>"; };
		22C84C5D0C13AB21004F5B6D /* lobject.c */ = {isa = PBXFileReference; fileEncoding = 30; lastKnownFileType = sourcecode.c.c; path = lobject.c; sourceTree = "<group>"; };
		22C84C5E0C13AB21004F5B6D /* lobject.h */ = {isa = PBXFileReference; fileEncoding = 30; lastKnownFileType = sourcecode.c.h; path = lobject.h; sourceTree = "<group>"; };
		22C84C5F0C13AB21004F5B6D /* lopcodes.c */ = {isa = PBXFileReference; fileEncoding = 30; lastKnownFileType = sourcecode.c.c; path = lopcodes.c; sourceTree = "<group>"; };
		22C84C600C13AB21004F5B6D /* lopcodes.h */ = {isa = PBXFileReference; fileEncoding = 30; lastKnownFileType = sourcecode.c.h; path = lopcodes.h; sourceTree = "<group>"; };
		22C84C610C13AB21004F5B6D /* lparser.c */ = {isa = PBXFileReference; fileEncoding = 30; lastKnownFileType = sourcecode.c.c; path = lparser.c; sourceTree = "<group>"; };
		22C84C620C13AB21004F5B6D /* lparser.h */ = {isa = PBXFileReference; fileEncoding = 30; lastKnownFileType = sourcecode.c.h; path = lparser.h; sourceTree = "<group>"; };
		22C84C630C13AB21004F5B6D /* lstate.c */ = {isa = PBXFileReference; fileEncoding = 30; lastKnownFileType = sourcecode.c.c; path = lstate.c; sourceTree = "<group>"; };
		22C84C640C13AB21004F5B6D /* lstate.h */ = {isa = PBXFileReference; fileEncoding = 30; lastKnownFileType = sourcecode.c.h; path = lstate.h; sourceTree = "<group>"; };
		22C84C650C13AB21004F5B6D /* lstring.c */ = {isa = PBXFileReference; fileEncoding = 30; lastKnownFileType = sourcecode.c.c; path = lstring.c; sourceTree = "<group>"; };
		22C84C660C13AB21004F5B6D /* lstring.h */ = {isa = PBXFileReference; fileEncoding = 30; lastKnownFileType = sourcecode.c.h; path = lstring.h; sourceTree = "<group>"; };
		22C84C670C13AB21004F5B6D /* ltable.c */ = {isa = PBXFileReference; fileEncoding = 30; lastKnownFileType = sourcecode.c.c; path = ltable.c; sourceTree = "<group>"; };
		22C84C680C13AB21004F5B6D /* ltable.h */ = {isa = PBXFileReference; fileEncoding = 30; lastKnownFileType = sourcecode.c.h; path = ltable.h; sourceTree = "<group>"; };
		22C84C690C13AB21004F5B6D /* ltests.c */ = {isa = PBXFileReference; fileEncoding = 30; lastKnownFileType = sourcecode.c.c; path = ltests.c; sourceTree = "<group>"; };
		22C84C6A0C13AB21004F5B6D /* ltm.c */ = {isa = PBXFileReference; fileEncoding = 30; lastKnownFileType = sourcecode.c.c; path = ltm.c; sourceTree = "<group>"; };
		22C84C6B0C13AB21004F5B6D /* ltm.h */ = {isa = PBXFileReference; fileEncoding = 30; lastKnownFileType = sourcecode.c.h; path = ltm.h; sourceTree = "<group>"; };
		22C84C700C13AB21004F5B6D /* lua.h */ = {isa = PBXFileReference; fileEncoding = 30; lastKnownFileType = sourcecode.c.h; path = lua.h; sourceTree = "<group>"; };
		22C84C760C13AB21004F5B6D /* lualib.h */ = {isa = PBXFileReference; fileEncoding = 30; lastKnownFileType = sourcecode.c.h; path = lualib.h; sourceTree = "<group>"; };
		22C84C770C13AB22004F5B6D /* lundump.c */ = {isa = PBXFileReference; fileEncoding = 30; lastKnownFileType = sourcecode.c.c; path = lundump.c; sourceTree = "<group>"; };
		22C84C780C13AB22004F5B6D /* lundump.h */ = {isa = PBXFileReference; fileEncoding = 30; lastKnownFileType = sourcecode.c.h; path = lundump.h; sourceTree = "<group>"; };
		22C84C790C13AB22004F5B6D /* lvm.c */ = {isa = PBXFileReference; fileEncoding = 30; lastKnownFileType = sourcecode.c.c; path = lvm.c; sourceTree = "<group>"; };
		22C84C7A0C13AB22004F5B6D /* lvm.h */ = {isa = PBXFileReference; fileEncoding = 30; lastKnownFileType = sourcecode.c.h; path = lvm.h; sourceTree = "<group>"; };
		22C84C7B0C13AB22004F5B6D /* lzio.c */ = {isa = PBXFileReference; fileEncoding = 30; lastKnownFileType = sourcecode.c.c; path = lzio.c; sourceTree = "<group>"; };
		22C84C7C0C13AB22004F5B6D /* lzio.h */ = {isa = PBXFileReference; fileEncoding = 30; lastKnownFileType = sourcecode.c.h; path = lzio.h; sourceTree = "<group>"; };
		22D2E46B0A55EAB100319F32 /* editor.cpp */ = {isa = PBXFileReference; fileEncoding = 4; lastKnownFileType = sourcecode.cpp.cpp; name = editor.cpp; path = src/editor.cpp; sourceTree = "<group>"; };
		22D2E4700A55EAC000319F32 /* editor.h */ = {isa = PBXFileReference; fileEncoding = 4; lastKnownFileType = sourcecode.c.h; name = editor.h; path = include/editor.h; sourceTree = "<group>"; };
		22EC1AC10A2B3FD600DEE79D /* icon.icns */ = {isa = PBXFileReference; lastKnownFileType = image.icns; path = icon.icns; sourceTree = "<group>"; };
		22F3FABB0C11062700B3F65F /* lua.cpp */ = {isa = PBXFileReference; fileEncoding = 4; lastKnownFileType = sourcecode.cpp.cpp; name = lua.cpp; path = src/objects/lua.cpp; sourceTree = "<group>"; };
		22F3FC380C11308600B3F65F /* tolua_event.c */ = {isa = PBXFileReference; fileEncoding = 30; lastKnownFileType = sourcecode.c.c; name = tolua_event.c; path = "src/libtolua++/tolua_event.c"; sourceTree = "<group>"; };
		22F3FC390C11308600B3F65F /* tolua_event.h */ = {isa = PBXFileReference; fileEncoding = 30; lastKnownFileType = sourcecode.c.h; name = tolua_event.h; path = "src/libtolua++/tolua_event.h"; sourceTree = "<group>"; };
		22F3FC3A0C11308600B3F65F /* tolua_is.c */ = {isa = PBXFileReference; fileEncoding = 30; lastKnownFileType = sourcecode.c.c; name = tolua_is.c; path = "src/libtolua++/tolua_is.c"; sourceTree = "<group>"; };
		22F3FC3B0C11308600B3F65F /* tolua_map.c */ = {isa = PBXFileReference; fileEncoding = 30; lastKnownFileType = sourcecode.c.c; name = tolua_map.c; path = "src/libtolua++/tolua_map.c"; sourceTree = "<group>"; };
		22F3FC3C0C11308600B3F65F /* tolua_push.c */ = {isa = PBXFileReference; fileEncoding = 30; lastKnownFileType = sourcecode.c.c; name = tolua_push.c; path = "src/libtolua++/tolua_push.c"; sourceTree = "<group>"; };
		22F3FC3D0C11308600B3F65F /* tolua_to.c */ = {isa = PBXFileReference; fileEncoding = 30; lastKnownFileType = sourcecode.c.c; name = tolua_to.c; path = "src/libtolua++/tolua_to.c"; sourceTree = "<group>"; };
		22F3FC4A0C11314F00B3F65F /* tolua++.h */ = {isa = PBXFileReference; fileEncoding = 30; lastKnownFileType = sourcecode.c.h; name = "tolua++.h"; path = "include/tolua++.h"; sourceTree = "<group>"; };
		22F3FEC20C1207F600B3F65F /* tutor.lua */ = {isa = PBXFileReference; fileEncoding = 30; lastKnownFileType = text; name = tutor.lua; path = resources/tutor.lua; sourceTree = "<group>"; };
		29B97316FDCFA39411CA2CEA /* main.m */ = {isa = PBXFileReference; fileEncoding = 4; lastKnownFileType = sourcecode.c.objc; path = main.m; sourceTree = "<group>"; };
		29B97319FDCFA39411CA2CEA /* English */ = {isa = PBXFileReference; lastKnownFileType = wrapper.nib; name = English; path = English.lproj/MainMenu.nib; sourceTree = "<group>"; };
		29B97324FDCFA39411CA2CEA /* AppKit.framework */ = {isa = PBXFileReference; lastKnownFileType = wrapper.framework; name = AppKit.framework; path = /System/Library/Frameworks/AppKit.framework; sourceTree = "<absolute>"; };
		29B97325FDCFA39411CA2CEA /* Foundation.framework */ = {isa = PBXFileReference; lastKnownFileType = wrapper.framework; name = Foundation.framework; path = /System/Library/Frameworks/Foundation.framework; sourceTree = "<absolute>"; };
		32CA4F630368D1EE00C91783 /* DreamZZT_Prefix.pch */ = {isa = PBXFileReference; fileEncoding = 4; lastKnownFileType = sourcecode.c.h; path = DreamZZT_Prefix.pch; sourceTree = "<group>"; };
		8D1107310486CEB800E47090 /* Info.plist */ = {isa = PBXFileReference; fileEncoding = 4; lastKnownFileType = text.plist; path = Info.plist; sourceTree = "<group>"; };
		8D1107320486CEB800E47090 /* DreamZZT.app */ = {isa = PBXFileReference; explicitFileType = wrapper.application; includeInIndex = 0; path = DreamZZT.app; sourceTree = BUILT_PRODUCTS_DIR; };
		C4F50ECB0799E1350001D0D0 /* Controller.h */ = {isa = PBXFileReference; fileEncoding = 30; lastKnownFileType = sourcecode.c.h; name = Controller.h; path = src/Controller.h; sourceTree = "<group>"; };
		C4F50EEE0799E5B40001D0D0 /* OpenGL.framework */ = {isa = PBXFileReference; lastKnownFileType = wrapper.framework; name = OpenGL.framework; path = /System/Library/Frameworks/OpenGL.framework; sourceTree = "<absolute>"; };
/* End PBXFileReference section */

/* Begin PBXFrameworksBuildPhase section */
		8D11072E0486CEB800E47090 /* Frameworks */ = {
			isa = PBXFrameworksBuildPhase;
			buildActionMask = 2147483647;
			files = (
				8D11072F0486CEB800E47090 /* Cocoa.framework in Frameworks */,
				C4F50EEF0799E5B40001D0D0 /* OpenGL.framework in Frameworks */,
				22C84B670C1399F1004F5B6D /* Tiki.framework in Frameworks */,
				22C84B7C0C139A02004F5B6D /* Sparkle.framework in Frameworks */,
			);
			runOnlyForDeploymentPostprocessing = 0;
		};
/* End PBXFrameworksBuildPhase section */

/* Begin PBXGroup section */
		080E96DDFE201D6D7F000001 /* Classes */ = {
			isa = PBXGroup;
			children = (
				226F410C0B18BF9C00FC07AE /* Controller.m */,
				2242FE330A0C349300F4BDF2 /* Objects */,
				2242FDA40A0C26F500F4BDF2 /* board.cpp */,
				222441790BF65406000D3055 /* bugreport.cpp */,
				2260B7170B3EABB1003AE79A /* console.cpp */,
				22907D660A1A947800B9BB6D /* debug.cpp */,
				22D2E46B0A55EAB100319F32 /* editor.cpp */,
				22AD22CB0A13FAD8003E828E /* http.cpp */,
				2242FBDF0A0C11DF00F4BDF2 /* main.cpp */,
				2242FDE90A0C31F100F4BDF2 /* object.cpp */,
				223229BC0A16C63C0035025E /* sound.cpp */,
				2242FDD40A0C312500F4BDF2 /* status.cpp */,
				222084860A4CD20800D75C24 /* window.cpp */,
				2242FB9E0A0C104300F4BDF2 /* word.cpp */,
				226F41100B18BFFB00FC07AE /* os.mm */,
				229DC8150B2E2F86004C0FF9 /* task.cpp */,
			);
			name = Classes;
			sourceTree = "<group>";
		};
		1058C7A0FEA54F0111CA2CBB /* Linked Frameworks */ = {
			isa = PBXGroup;
			children = (
				22C84B680C139A02004F5B6D /* Sparkle.framework */,
				22C84B230C1399F1004F5B6D /* Tiki.framework */,
				C4F50EEE0799E5B40001D0D0 /* OpenGL.framework */,
				1058C7A1FEA54F0111CA2CBB /* Cocoa.framework */,
			);
			name = "Linked Frameworks";
			sourceTree = "<group>";
		};
		1058C7A2FEA54F0111CA2CBB /* Other Frameworks */ = {
			isa = PBXGroup;
			children = (
				29B97325FDCFA39411CA2CEA /* Foundation.framework */,
				29B97324FDCFA39411CA2CEA /* AppKit.framework */,
			);
			name = "Other Frameworks";
			sourceTree = "<group>";
		};
		19C28FACFE9D520D11CA2CBB /* Products */ = {
			isa = PBXGroup;
			children = (
				8D1107320486CEB800E47090 /* DreamZZT.app */,
			);
			name = Products;
			sourceTree = "<group>";
		};
		2242FBC70A0C106500F4BDF2 /* Headers */ = {
			isa = PBXGroup;
			children = (
				223A59B50C13738A008370C5 /* pluto.h */,
				2242FBC90A0C109000F4BDF2 /* objects */,
				2242FBD00A0C109000F4BDF2 /* board.h */,
				2224417D0BF65458000D3055 /* bugreport.h */,
				C4F50ECB0799E1350001D0D0 /* Controller.h */,
				22907D650A1A947800B9BB6D /* debug.h */,
				2255DF120A39196600C3272B /* drums.h */,
				22D2E4700A55EAC000319F32 /* editor.h */,
				2242FBCF0A0C109000F4BDF2 /* http.h */,
				2242FBD30A0C109000F4BDF2 /* object.h */,
				226F40B00B18BCD800FC07AE /* os.h */,
				223229BB0A16C63C0035025E /* sound.h */,
				2242FBD20A0C109000F4BDF2 /* status.h */,
				222084890A4CD23700D75C24 /* window.h */,
				2242FBCE0A0C109000F4BDF2 /* word.h */,
				229DC8170B2E2F9B004C0FF9 /* task.h */,
			);
			name = Headers;
			sourceTree = "<group>";
		};
		2242FBC90A0C109000F4BDF2 /* objects */ = {
			isa = PBXGroup;
			children = (
				2242FE460A0C373400F4BDF2 /* objdb */,
				2242FBCA0A0C109000F4BDF2 /* enemy.h */,
				2242FBCB0A0C109000F4BDF2 /* items.h */,
				2242FBCC0A0C109000F4BDF2 /* objects.h */,
				2242FBCD0A0C109000F4BDF2 /* terrain.h */,
			);
			name = objects;
			path = include/objects;
			sourceTree = "<group>";
		};
		2242FE330A0C349300F4BDF2 /* Objects */ = {
			isa = PBXGroup;
			children = (
				22F3FABB0C11062700B3F65F /* lua.cpp */,
				224200BF0A0C569300F4BDF2 /* bomb.cpp */,
				224200BA0A0C569300F4BDF2 /* bullet.cpp */,
				229B9BA20A20CC5D00E85BB8 /* conveyer.cpp */,
				224200BC0A0C569300F4BDF2 /* dup.cpp */,
				224200BB0A0C569300F4BDF2 /* enemy.cpp */,
				224200C00A0C569300F4BDF2 /* items.cpp */,
				224200B80A0C569300F4BDF2 /* passage.cpp */,
				224200C20A0C569300F4BDF2 /* player.cpp */,
				224200BE0A0C569300F4BDF2 /* pusher.cpp */,
				224200B90A0C569300F4BDF2 /* terrain.cpp */,
				224200BD0A0C569300F4BDF2 /* zztoop.cpp */,
				22ABAB4D0A31145600B9C077 /* centipede.cpp */,
			);
			name = Objects;
			sourceTree = "<group>";
		};
		22C84C3E0C13AB21004F5B6D /* lua */ = {
			isa = PBXGroup;
			children = (
				22C84C3F0C13AB21004F5B6D /* lapi.c */,
				22C84C400C13AB21004F5B6D /* lapi.h */,
				22C84C410C13AB21004F5B6D /* lauxlib.h */,
				22C84C420C13AB21004F5B6D /* lcode.c */,
				22C84C430C13AB21004F5B6D /* lcode.h */,
				22C84C440C13AB21004F5B6D /* ldebug.c */,
				22C84C450C13AB21004F5B6D /* ldebug.h */,
				22C84C460C13AB21004F5B6D /* ldo.c */,
				22C84C470C13AB21004F5B6D /* ldo.h */,
				22C84C480C13AB21004F5B6D /* ldump.c */,
				22C84C490C13AB21004F5B6D /* lfunc.c */,
				22C84C4A0C13AB21004F5B6D /* lfunc.h */,
				22C84C4B0C13AB21004F5B6D /* lgc.c */,
				22C84C4C0C13AB21004F5B6D /* lgc.h */,
				22C84C4D0C13AB21004F5B6D /* lib */,
				22C84C580C13AB21004F5B6D /* llex.c */,
				22C84C590C13AB21004F5B6D /* llex.h */,
				22C84C5A0C13AB21004F5B6D /* llimits.h */,
				22C84C5B0C13AB21004F5B6D /* lmem.c */,
				22C84C5C0C13AB21004F5B6D /* lmem.h */,
				22C84C5D0C13AB21004F5B6D /* lobject.c */,
				22C84C5E0C13AB21004F5B6D /* lobject.h */,
				22C84C5F0C13AB21004F5B6D /* lopcodes.c */,
				22C84C600C13AB21004F5B6D /* lopcodes.h */,
				22C84C610C13AB21004F5B6D /* lparser.c */,
				22C84C620C13AB21004F5B6D /* lparser.h */,
				22C84C630C13AB21004F5B6D /* lstate.c */,
				22C84C640C13AB21004F5B6D /* lstate.h */,
				22C84C650C13AB21004F5B6D /* lstring.c */,
				22C84C660C13AB21004F5B6D /* lstring.h */,
				22C84C670C13AB21004F5B6D /* ltable.c */,
				22C84C680C13AB21004F5B6D /* ltable.h */,
				22C84C690C13AB21004F5B6D /* ltests.c */,
				22C84C6A0C13AB21004F5B6D /* ltm.c */,
				22C84C6B0C13AB21004F5B6D /* ltm.h */,
				22C84C700C13AB21004F5B6D /* lua.h */,
				22C84C760C13AB21004F5B6D /* lualib.h */,
				22C84C770C13AB22004F5B6D /* lundump.c */,
				22C84C780C13AB22004F5B6D /* lundump.h */,
				22C84C790C13AB22004F5B6D /* lvm.c */,
				22C84C7A0C13AB22004F5B6D /* lvm.h */,
				22C84C7B0C13AB22004F5B6D /* lzio.c */,
				22C84C7C0C13AB22004F5B6D /* lzio.h */,
			);
			path = lua;
			sourceTree = "<group>";
		};
		22C84C4D0C13AB21004F5B6D /* lib */ = {
			isa = PBXGroup;
			children = (
				22C84C4E0C13AB21004F5B6D /* lauxlib.c */,
				22C84C4F0C13AB21004F5B6D /* lbaselib.c */,
				22C84C500C13AB21004F5B6D /* ldblib.c */,
				22C84C510C13AB21004F5B6D /* liolib.c */,
				22C84C520C13AB21004F5B6D /* lmathlib.c */,
				22C84C530C13AB21004F5B6D /* loadlib.c */,
				22C84C540C13AB21004F5B6D /* lstrlib.c */,
				22C84C550C13AB21004F5B6D /* ltablib.c */,
				22C84C570C13AB21004F5B6D /* README */,
			);
			path = lib;
			sourceTree = "<group>";
		};
		22F3FC370C11306000B3F65F /* libtolua++ */ = {
			isa = PBXGroup;
			children = (
				22F3FC4A0C11314F00B3F65F /* tolua++.h */,
				22F3FC380C11308600B3F65F /* tolua_event.c */,
				22F3FC390C11308600B3F65F /* tolua_event.h */,
				22F3FC3A0C11308600B3F65F /* tolua_is.c */,
				22F3FC3B0C11308600B3F65F /* tolua_map.c */,
				22F3FC3C0C11308600B3F65F /* tolua_push.c */,
				22F3FC3D0C11308600B3F65F /* tolua_to.c */,
			);
			name = "libtolua++";
			sourceTree = "<group>";
		};
		29B97314FDCFA39411CA2CEA /* DreamZZT */ = {
			isa = PBXGroup;
			children = (
				2242FBC70A0C106500F4BDF2 /* Headers */,
				080E96DDFE201D6D7F000001 /* Classes */,
				29B97315FDCFA39411CA2CEA /* Other Sources */,
				29B97317FDCFA39411CA2CEA /* Resources */,
				29B97323FDCFA39411CA2CEA /* Frameworks */,
				19C28FACFE9D520D11CA2CBB /* Products */,
			);
			name = DreamZZT;
			sourceTree = "<group>";
		};
		29B97315FDCFA39411CA2CEA /* Other Sources */ = {
			isa = PBXGroup;
			children = (
				223A59B30C137375008370C5 /* pluto.c */,
				22C84C3E0C13AB21004F5B6D /* lua */,
				22F3FC370C11306000B3F65F /* libtolua++ */,
				229B98290A1F6F4400E85BB8 /* genobjects.sh */,
				32CA4F630368D1EE00C91783 /* DreamZZT_Prefix.pch */,
				29B97316FDCFA39411CA2CEA /* main.m */,
			);
			name = "Other Sources";
			sourceTree = "<group>";
		};
		29B97317FDCFA39411CA2CEA /* Resources */ = {
			isa = PBXGroup;
			children = (
				22243F800BF3D480000D3055 /* dreamzzt.png */,
				226F41C90B1909D800FC07AE /* sav_icon.icns */,
				226F41BB0B19024300FC07AE /* doc_icon.icns */,
				22EC1AC10A2B3FD600DEE79D /* icon.icns */,
				2296D4F60A0D338E00BD96D2 /* zzt-ascii.png */,
				2242FF290A0C442100F4BDF2 /* tutorial.zzt */,
				22F3FEC20C1207F600B3F65F /* tutor.lua */,
				8D1107310486CEB800E47090 /* Info.plist */,
				089C165CFE840E0CC02AAC07 /* InfoPlist.strings */,
				29B97318FDCFA39411CA2CEA /* MainMenu.nib */,
			);
			name = Resources;
			sourceTree = "<group>";
		};
		29B97323FDCFA39411CA2CEA /* Frameworks */ = {
			isa = PBXGroup;
			children = (
				1058C7A0FEA54F0111CA2CBB /* Linked Frameworks */,
				1058C7A2FEA54F0111CA2CBB /* Other Frameworks */,
			);
			name = Frameworks;
			sourceTree = "<group>";
		};
/* End PBXGroup section */

/* Begin PBXNativeTarget section */
		8D1107260486CEB800E47090 /* DreamZZT */ = {
			isa = PBXNativeTarget;
			buildConfigurationList = 64FBB927092EA33F00427AD0 /* Build configuration list for PBXNativeTarget "DreamZZT" */;
			buildPhases = (
				8D1107290486CEB800E47090 /* Resources */,
				8D11072C0486CEB800E47090 /* Sources */,
				8D11072E0486CEB800E47090 /* Frameworks */,
				C4332D16079B22450025BF39 /* CopyFiles */,
				C4332EE0079B242E0025BF39 /* ShellScript */,
			);
			buildRules = (
			);
			dependencies = (
			);
			name = DreamZZT;
			productInstallPath = "$(HOME)/Applications";
			productName = DreamZZT;
			productReference = 8D1107320486CEB800E47090 /* DreamZZT.app */;
			productType = "com.apple.product-type.application";
		};
/* End PBXNativeTarget section */

/* Begin PBXProject section */
		29B97313FDCFA39411CA2CEA /* Project object */ = {
			isa = PBXProject;
			buildConfigurationList = 64FBB92B092EA33F00427AD0 /* Build configuration list for PBXProject "DreamZZT" */;
			hasScannedForEncodings = 1;
			mainGroup = 29B97314FDCFA39411CA2CEA /* DreamZZT */;
			projectDirPath = "";
			projectRoot = "";
			targets = (
				8D1107260486CEB800E47090 /* DreamZZT */,
			);
		};
/* End PBXProject section */

/* Begin PBXResourcesBuildPhase section */
		8D1107290486CEB800E47090 /* Resources */ = {
			isa = PBXResourcesBuildPhase;
			buildActionMask = 2147483647;
			files = (
				8D11072A0486CEB800E47090 /* MainMenu.nib in Resources */,
				8D11072B0486CEB800E47090 /* InfoPlist.strings in Resources */,
				2242FE470A0C373400F4BDF2 /* objdb in Resources */,
				2242FF2A0A0C442100F4BDF2 /* tutorial.zzt in Resources */,
				2296D4F70A0D338E00BD96D2 /* zzt-ascii.png in Resources */,
				229B982A0A1F6F4400E85BB8 /* genobjects.sh in Resources */,
				22EC1AC20A2B3FD700DEE79D /* icon.icns in Resources */,
				226F41BC0B19024300FC07AE /* doc_icon.icns in Resources */,
				226F41CA0B1909D800FC07AE /* sav_icon.icns in Resources */,
				22243F810BF3D480000D3055 /* dreamzzt.png in Resources */,
				22F3FEC30C1207F600B3F65F /* tutor.lua in Resources */,
				22C84C950C13AB22004F5B6D /* README in Resources */,
			);
			runOnlyForDeploymentPostprocessing = 0;
		};
/* End PBXResourcesBuildPhase section */

/* Begin PBXShellScriptBuildPhase section */
		C4332EE0079B242E0025BF39 /* ShellScript */ = {
			isa = PBXShellScriptBuildPhase;
			buildActionMask = 2147483647;
			files = (
			);
			inputPaths = (
			);
			outputPaths = (
			);
			runOnlyForDeploymentPostprocessing = 0;
			shellPath = /bin/sh;
			shellScript = "# rm -rfv ${EXECUTABLE_FOLDER_PATH}/PrivateHeaders\n";
		};
/* End PBXShellScriptBuildPhase section */

/* Begin PBXSourcesBuildPhase section */
		8D11072C0486CEB800E47090 /* Sources */ = {
			isa = PBXSourcesBuildPhase;
			buildActionMask = 2147483647;
			files = (
				8D11072D0486CEB800E47090 /* main.m in Sources */,
				2242FBA70A0C104300F4BDF2 /* word.cpp in Sources */,
				2242FBE00A0C11DF00F4BDF2 /* main.cpp in Sources */,
				2242FDA50A0C26F500F4BDF2 /* board.cpp in Sources */,
				2242FDD50A0C312500F4BDF2 /* status.cpp in Sources */,
				2242FDEA0A0C31F100F4BDF2 /* object.cpp in Sources */,
				224200C30A0C569300F4BDF2 /* passage.cpp in Sources */,
				224200C40A0C569300F4BDF2 /* terrain.cpp in Sources */,
				224200C50A0C569300F4BDF2 /* bullet.cpp in Sources */,
				224200C60A0C569300F4BDF2 /* enemy.cpp in Sources */,
				224200C70A0C569300F4BDF2 /* dup.cpp in Sources */,
				224200C80A0C569300F4BDF2 /* zztoop.cpp in Sources */,
				224200C90A0C569300F4BDF2 /* pusher.cpp in Sources */,
				224200CA0A0C569300F4BDF2 /* bomb.cpp in Sources */,
				224200CB0A0C569300F4BDF2 /* items.cpp in Sources */,
				224200CD0A0C569300F4BDF2 /* player.cpp in Sources */,
				22AD22CC0A13FAD8003E828E /* http.cpp in Sources */,
				223229BE0A16C63C0035025E /* sound.cpp in Sources */,
				22907D680A1A947800B9BB6D /* debug.cpp in Sources */,
				229B9BA30A20CC5D00E85BB8 /* conveyer.cpp in Sources */,
				22ABAB4E0A31145600B9C077 /* centipede.cpp in Sources */,
				222084870A4CD20800D75C24 /* window.cpp in Sources */,
				22D2E46D0A55EAB200319F32 /* editor.cpp in Sources */,
				226F410D0B18BF9C00FC07AE /* Controller.m in Sources */,
				226F41110B18BFFB00FC07AE /* os.mm in Sources */,
				229DC8160B2E2F86004C0FF9 /* task.cpp in Sources */,
				2260B7180B3EABB1003AE79A /* console.cpp in Sources */,
				2224417A0BF65406000D3055 /* bugreport.cpp in Sources */,
				22F3FABC0C11062700B3F65F /* lua.cpp in Sources */,
				22F3FC3E0C11308600B3F65F /* tolua_event.c in Sources */,
				22F3FC400C11308600B3F65F /* tolua_is.c in Sources */,
				22F3FC410C11308600B3F65F /* tolua_map.c in Sources */,
				22F3FC420C11308600B3F65F /* tolua_push.c in Sources */,
				22F3FC430C11308600B3F65F /* tolua_to.c in Sources */,
				223A59B40C137375008370C5 /* pluto.c in Sources */,
				22C84C7E0C13AB22004F5B6D /* lapi.c in Sources */,
				22C84C810C13AB22004F5B6D /* lcode.c in Sources */,
				22C84C830C13AB22004F5B6D /* ldebug.c in Sources */,
				22C84C850C13AB22004F5B6D /* ldo.c in Sources */,
				22C84C870C13AB22004F5B6D /* ldump.c in Sources */,
				22C84C880C13AB22004F5B6D /* lfunc.c in Sources */,
				22C84C8A0C13AB22004F5B6D /* lgc.c in Sources */,
				22C84C8C0C13AB22004F5B6D /* lauxlib.c in Sources */,
				22C84C8D0C13AB22004F5B6D /* lbaselib.c in Sources */,
				22C84C8E0C13AB22004F5B6D /* ldblib.c in Sources */,
				22C84C8F0C13AB22004F5B6D /* liolib.c in Sources */,
				22C84C900C13AB22004F5B6D /* lmathlib.c in Sources */,
				22C84C910C13AB22004F5B6D /* loadlib.c in Sources */,
				22C84C920C13AB22004F5B6D /* lstrlib.c in Sources */,
				22C84C930C13AB22004F5B6D /* ltablib.c in Sources */,
				22C84C960C13AB22004F5B6D /* llex.c in Sources */,
				22C84C990C13AB22004F5B6D /* lmem.c in Sources */,
				22C84C9B0C13AB22004F5B6D /* lobject.c in Sources */,
				22C84C9D0C13AB22004F5B6D /* lopcodes.c in Sources */,
				22C84C9F0C13AB22004F5B6D /* lparser.c in Sources */,
				22C84CA10C13AB22004F5B6D /* lstate.c in Sources */,
				22C84CA30C13AB22004F5B6D /* lstring.c in Sources */,
				22C84CA50C13AB22004F5B6D /* ltable.c in Sources */,
				22C84CA70C13AB22004F5B6D /* ltests.c in Sources */,
				22C84CA80C13AB22004F5B6D /* ltm.c in Sources */,
				22C84CB30C13AB22004F5B6D /* lundump.c in Sources */,
				22C84CB50C13AB22004F5B6D /* lvm.c in Sources */,
				22C84CB70C13AB22004F5B6D /* lzio.c in Sources */,
			);
			runOnlyForDeploymentPostprocessing = 0;
		};
/* End PBXSourcesBuildPhase section */

/* Begin PBXVariantGroup section */
		089C165CFE840E0CC02AAC07 /* InfoPlist.strings */ = {
			isa = PBXVariantGroup;
			children = (
				089C165DFE840E0CC02AAC07 /* English */,
			);
			name = InfoPlist.strings;
			sourceTree = "<group>";
		};
		29B97318FDCFA39411CA2CEA /* MainMenu.nib */ = {
			isa = PBXVariantGroup;
			children = (
				29B97319FDCFA39411CA2CEA /* English */,
			);
			name = MainMenu.nib;
			sourceTree = "<group>";
		};
/* End PBXVariantGroup section */

/* Begin XCBuildConfiguration section */
		2255DF790B52C285006EA3FE /* Profile */ = {
			isa = XCBuildConfiguration;
			buildSettings = {
				ARCHS = (
					ppc,
					i386,
				);
				COPY_PHASE_STRIP = YES;
				FRAMEWORK_SEARCH_PATHS = (
					"$(inherited)",
					"$(FRAMEWORK_SEARCH_PATHS_QUOTED_1)",
					"$(FRAMEWORK_SEARCH_PATHS_QUOTED_2)",
					"$(FRAMEWORK_SEARCH_PATHS_QUOTED_3)",
				);
				FRAMEWORK_SEARCH_PATHS_QUOTED_1 = "\"$(SRCROOT)/../Lua-5.0.2/build/Deployment\"";
				FRAMEWORK_SEARCH_PATHS_QUOTED_2 = "\"$(SRCROOT)/../tiki/osx/build/Deployment\"";
				FRAMEWORK_SEARCH_PATHS_QUOTED_3 = "\"$(SRCROOT)\"";
				GCC_ENABLE_FIX_AND_CONTINUE = NO;
				GCC_GENERATE_DEBUGGING_SYMBOLS = YES;
				GCC_PRECOMPILE_PREFIX_HEADER = NO;
				GCC_PREFIX_HEADER = DreamZZT_Prefix.pch;
				GCC_PREPROCESSOR_DEFINITIONS = NET;
				INFOPLIST_FILE = Info.plist;
				INSTALL_PATH = "$(HOME)/Applications";
				OTHER_LDFLAGS = (
					"-lcurl",
					"-lssl",
					"-lcrypto",
					"-lz",
				);
				PRODUCT_NAME = DreamZZT;
				WRAPPER_EXTENSION = app;
				ZERO_LINK = NO;
			};
			name = Profile;
		};
		2255DF7A0B52C285006EA3FE /* Profile */ = {
			isa = XCBuildConfiguration;
			buildSettings = {
				GCC_PREPROCESSOR_DEFINITIONS = MACOSX;
				HEADER_SEARCH_PATHS = include;
				SDKROOT = /Developer/SDKs/MacOSX10.4u.sdk;
			};
			name = Profile;
		};
		64FBB928092EA33F00427AD0 /* Development */ = {
			isa = XCBuildConfiguration;
			buildSettings = {
				COPY_PHASE_STRIP = NO;
				FRAMEWORK_SEARCH_PATHS = (
					"$(inherited)",
					"$(FRAMEWORK_SEARCH_PATHS_QUOTED_1)",
					"$(FRAMEWORK_SEARCH_PATHS_QUOTED_2)",
				);
				FRAMEWORK_SEARCH_PATHS_QUOTED_1 = "\"$(SRCROOT)/../tiki/osx/build/Deployment\"";
				FRAMEWORK_SEARCH_PATHS_QUOTED_2 = "\"$(SRCROOT)\"";
				GCC_DYNAMIC_NO_PIC = NO;
				GCC_ENABLE_FIX_AND_CONTINUE = YES;
				GCC_GENERATE_DEBUGGING_SYMBOLS = YES;
				GCC_OPTIMIZATION_LEVEL = 0;
				GCC_PRECOMPILE_PREFIX_HEADER = NO;
				GCC_PREFIX_HEADER = DreamZZT_Prefix.pch;
				GCC_PREPROCESSOR_DEFINITIONS = (
					DEBUG,
					NET,
					MACOSX,
					"LUA_NUM_TYPE=float",
				);
				INFOPLIST_FILE = Info.plist;
				INSTALL_PATH = "$(HOME)/Applications";
				OTHER_LDFLAGS = (
					"-lcurl",
					"-lssl",
					"-lcrypto",
					"-lz",
				);
				PREBINDING = NO;
				PRODUCT_NAME = DreamZZT;
				WRAPPER_EXTENSION = app;
				ZERO_LINK = NO;
			};
			name = Development;
		};
		64FBB929092EA33F00427AD0 /* Deployment */ = {
			isa = XCBuildConfiguration;
			buildSettings = {
				ARCHS = (
					ppc,
					i386,
				);
				COPY_PHASE_STRIP = YES;
				FRAMEWORK_SEARCH_PATHS = (
					"$(inherited)",
					"$(FRAMEWORK_SEARCH_PATHS_QUOTED_1)",
					"$(FRAMEWORK_SEARCH_PATHS_QUOTED_2)",
				);
				FRAMEWORK_SEARCH_PATHS_QUOTED_1 = "\"$(SRCROOT)/../tiki/osx/build/Deployment\"";
				FRAMEWORK_SEARCH_PATHS_QUOTED_2 = "\"$(SRCROOT)\"";
				GCC_ENABLE_FIX_AND_CONTINUE = NO;
				GCC_GENERATE_DEBUGGING_SYMBOLS = NO;
				GCC_PRECOMPILE_PREFIX_HEADER = NO;
				GCC_PREFIX_HEADER = DreamZZT_Prefix.pch;
				GCC_PREPROCESSOR_DEFINITIONS = (
					NET,
					MACOSX,
					"LUA_NUM_TYPE=float",
				);
				INFOPLIST_FILE = Info.plist;
				INSTALL_PATH = "$(HOME)/Applications";
				OTHER_LDFLAGS = (
					"-lcurl",
					"-lssl",
					"-lcrypto",
					"-lz",
				);
				PRODUCT_NAME = DreamZZT;
				WRAPPER_EXTENSION = app;
				ZERO_LINK = NO;
			};
			name = Deployment;
		};
		64FBB92C092EA33F00427AD0 /* Development */ = {
			isa = XCBuildConfiguration;
			buildSettings = {
				HEADER_SEARCH_PATHS = (
					include,
					lua,
				);
				SDKROOT = /Developer/SDKs/MacOSX10.4u.sdk;
			};
			name = Development;
		};
		64FBB92D092EA33F00427AD0 /* Deployment */ = {
			isa = XCBuildConfiguration;
			buildSettings = {
				GCC_GENERATE_DEBUGGING_SYMBOLS = NO;
				HEADER_SEARCH_PATHS = (
					include,
					lua,
				);
				SDKROOT = /Developer/SDKs/MacOSX10.4u.sdk;
			};
			name = Deployment;
		};
/* End XCBuildConfiguration section */

/* Begin XCConfigurationList section */
		64FBB927092EA33F00427AD0 /* Build configuration list for PBXNativeTarget "DreamZZT" */ = {
			isa = XCConfigurationList;
			buildConfigurations = (
				64FBB928092EA33F00427AD0 /* Development */,
				64FBB929092EA33F00427AD0 /* Deployment */,
				2255DF790B52C285006EA3FE /* Profile */,
			);
			defaultConfigurationIsVisible = 0;
			defaultConfigurationName = Deployment;
		};
		64FBB92B092EA33F00427AD0 /* Build configuration list for PBXProject "DreamZZT" */ = {
			isa = XCConfigurationList;
			buildConfigurations = (
				64FBB92C092EA33F00427AD0 /* Development */,
				64FBB92D092EA33F00427AD0 /* Deployment */,
				2255DF7A0B52C285006EA3FE /* Profile */,
			);
			defaultConfigurationIsVisible = 0;
			defaultConfigurationName = Deployment;
		};
/* End XCConfigurationList section */
	};
	rootObject = 29B97313FDCFA39411CA2CEA /* Project object */;
}
