// !$*UTF8*$!
{
	archiveVersion = 1;
	classes = {
	};
	objectVersion = 42;
	objects = {

/* Begin PBXBuildFile section */
		222084870A4CD20800D75C24 /* window.cpp in Sources */ = {isa = PBXBuildFile; fileRef = 222084860A4CD20800D75C24 /* window.cpp */; };
		223229BE0A16C63C0035025E /* sound.cpp in Sources */ = {isa = PBXBuildFile; fileRef = 223229BC0A16C63C0035025E /* sound.cpp */; };
		224200C30A0C569300F4BDF2 /* passage.cpp in Sources */ = {isa = PBXBuildFile; fileRef = 224200B80A0C569300F4BDF2 /* passage.cpp */; };
		224200C40A0C569300F4BDF2 /* terrain.cpp in Sources */ = {isa = PBXBuildFile; fileRef = 224200B90A0C569300F4BDF2 /* terrain.cpp */; };
		224200C50A0C569300F4BDF2 /* bullet.cpp in Sources */ = {isa = PBXBuildFile; fileRef = 224200BA0A0C569300F4BDF2 /* bullet.cpp */; };
		224200C60A0C569300F4BDF2 /* enemy.cpp in Sources */ = {isa = PBXBuildFile; fileRef = 224200BB0A0C569300F4BDF2 /* enemy.cpp */; };
		224200C70A0C569300F4BDF2 /* dup.cpp in Sources */ = {isa = PBXBuildFile; fileRef = 224200BC0A0C569300F4BDF2 /* dup.cpp */; };
		224200C80A0C569300F4BDF2 /* zztoop.cpp in Sources */ = {isa = PBXBuildFile; fileRef = 224200BD0A0C569300F4BDF2 /* zztoop.cpp */; };
		224200C90A0C569300F4BDF2 /* pusher.cpp in Sources */ = {isa = PBXBuildFile; fileRef = 224200BE0A0C569300F4BDF2 /* pusher.cpp */; };
		224200CA0A0C569300F4BDF2 /* bomb.cpp in Sources */ = {isa = PBXBuildFile; fileRef = 224200BF0A0C569300F4BDF2 /* bomb.cpp */; };
		224200CB0A0C569300F4BDF2 /* items.cpp in Sources */ = {isa = PBXBuildFile; fileRef = 224200C00A0C569300F4BDF2 /* items.cpp */; };
		224200CD0A0C569300F4BDF2 /* player.cpp in Sources */ = {isa = PBXBuildFile; fileRef = 224200C20A0C569300F4BDF2 /* player.cpp */; };
		2242FBA70A0C104300F4BDF2 /* word.cpp in Sources */ = {isa = PBXBuildFile; fileRef = 2242FB9E0A0C104300F4BDF2 /* word.cpp */; };
		2242FBE00A0C11DF00F4BDF2 /* main.cpp in Sources */ = {isa = PBXBuildFile; fileRef = 2242FBDF0A0C11DF00F4BDF2 /* main.cpp */; };
		2242FDA50A0C26F500F4BDF2 /* board.cpp in Sources */ = {isa = PBXBuildFile; fileRef = 2242FDA40A0C26F500F4BDF2 /* board.cpp */; };
		2242FDD50A0C312500F4BDF2 /* status.cpp in Sources */ = {isa = PBXBuildFile; fileRef = 2242FDD40A0C312500F4BDF2 /* status.cpp */; };
		2242FDEA0A0C31F100F4BDF2 /* object.cpp in Sources */ = {isa = PBXBuildFile; fileRef = 2242FDE90A0C31F100F4BDF2 /* object.cpp */; };
		2242FE470A0C373400F4BDF2 /* objdb in Resources */ = {isa = PBXBuildFile; fileRef = 2242FE460A0C373400F4BDF2 /* objdb */; };
		2242FF2A0A0C442100F4BDF2 /* tutorial.zzt in Resources */ = {isa = PBXBuildFile; fileRef = 2242FF290A0C442100F4BDF2 /* tutorial.zzt */; };
		226F410D0B18BF9C00FC07AE /* Controller.m in Sources */ = {isa = PBXBuildFile; fileRef = 226F410C0B18BF9C00FC07AE /* Controller.m */; };
		226F41110B18BFFB00FC07AE /* os.mm in Sources */ = {isa = PBXBuildFile; fileRef = 226F41100B18BFFB00FC07AE /* os.mm */; };
		226F41BC0B19024300FC07AE /* doc_icon.icns in Resources */ = {isa = PBXBuildFile; fileRef = 226F41BB0B19024300FC07AE /* doc_icon.icns */; };
		226F41CA0B1909D800FC07AE /* sav_icon.icns in Resources */ = {isa = PBXBuildFile; fileRef = 226F41C90B1909D800FC07AE /* sav_icon.icns */; };
		22907D680A1A947800B9BB6D /* debug.cpp in Sources */ = {isa = PBXBuildFile; fileRef = 22907D660A1A947800B9BB6D /* debug.cpp */; };
		2296D4F70A0D338E00BD96D2 /* zzt-ascii.png in Resources */ = {isa = PBXBuildFile; fileRef = 2296D4F60A0D338E00BD96D2 /* zzt-ascii.png */; };
		229B982A0A1F6F4400E85BB8 /* genobjects.sh in Resources */ = {isa = PBXBuildFile; fileRef = 229B98290A1F6F4400E85BB8 /* genobjects.sh */; };
		229B9BA30A20CC5D00E85BB8 /* conveyer.cpp in Sources */ = {isa = PBXBuildFile; fileRef = 229B9BA20A20CC5D00E85BB8 /* conveyer.cpp */; };
		229DC1870B2332B8004C0FF9 /* Sparkle.framework in Frameworks */ = {isa = PBXBuildFile; fileRef = 229DC1860B2332B8004C0FF9 /* Sparkle.framework */; };
		229DC19D0B2332C1004C0FF9 /* Sparkle.framework in CopyFiles */ = {isa = PBXBuildFile; fileRef = 229DC1860B2332B8004C0FF9 /* Sparkle.framework */; };
		22ABAB4E0A31145600B9C077 /* centipede.cpp in Sources */ = {isa = PBXBuildFile; fileRef = 22ABAB4D0A31145600B9C077 /* centipede.cpp */; };
		22AD22CC0A13FAD8003E828E /* http.cpp in Sources */ = {isa = PBXBuildFile; fileRef = 22AD22CB0A13FAD8003E828E /* http.cpp */; };
		22C01BB80B1A67A100218E4C /* Tiki.framework in Frameworks */ = {isa = PBXBuildFile; fileRef = 22C01BB70B1A67A100218E4C /* Tiki.framework */; };
		22C01BBB0B1A67A900218E4C /* Tiki.framework in CopyFiles */ = {isa = PBXBuildFile; fileRef = 22C01BB70B1A67A100218E4C /* Tiki.framework */; };
		22D2E46D0A55EAB200319F32 /* editor.cpp in Sources */ = {isa = PBXBuildFile; fileRef = 22D2E46B0A55EAB100319F32 /* editor.cpp */; };
		22EC1AC20A2B3FD700DEE79D /* icon.icns in Resources */ = {isa = PBXBuildFile; fileRef = 22EC1AC10A2B3FD600DEE79D /* icon.icns */; };
		8D11072A0486CEB800E47090 /* MainMenu.nib in Resources */ = {isa = PBXBuildFile; fileRef = 29B97318FDCFA39411CA2CEA /* MainMenu.nib */; };
		8D11072B0486CEB800E47090 /* InfoPlist.strings in Resources */ = {isa = PBXBuildFile; fileRef = 089C165CFE840E0CC02AAC07 /* InfoPlist.strings */; };
		8D11072D0486CEB800E47090 /* main.m in Sources */ = {isa = PBXBuildFile; fileRef = 29B97316FDCFA39411CA2CEA /* main.m */; settings = {ATTRIBUTES = (); }; };
		8D11072F0486CEB800E47090 /* Cocoa.framework in Frameworks */ = {isa = PBXBuildFile; fileRef = 1058C7A1FEA54F0111CA2CBB /* Cocoa.framework */; };
		C4F50EEF0799E5B40001D0D0 /* OpenGL.framework in Frameworks */ = {isa = PBXBuildFile; fileRef = C4F50EEE0799E5B40001D0D0 /* OpenGL.framework */; };
/* End PBXBuildFile section */

/* Begin PBXCopyFilesBuildPhase section */
		C4332D16079B22450025BF39 /* CopyFiles */ = {
			isa = PBXCopyFilesBuildPhase;
			buildActionMask = 2147483647;
			dstPath = "";
			dstSubfolderSpec = 10;
			files = (
				229DC19D0B2332C1004C0FF9 /* Sparkle.framework in CopyFiles */,
				22C01BBB0B1A67A900218E4C /* Tiki.framework in CopyFiles */,
			);
			runOnlyForDeploymentPostprocessing = 0;
		};
/* End PBXCopyFilesBuildPhase section */

/* Begin PBXFileReference section */
		089C165DFE840E0CC02AAC07 /* English */ = {isa = PBXFileReference; fileEncoding = 10; lastKnownFileType = text.plist.strings; name = English; path = English.lproj/InfoPlist.strings; sourceTree = "<group>"; };
		1058C7A1FEA54F0111CA2CBB /* Cocoa.framework */ = {isa = PBXFileReference; lastKnownFileType = wrapper.framework; name = Cocoa.framework; path = /System/Library/Frameworks/Cocoa.framework; sourceTree = "<absolute>"; };
		222084860A4CD20800D75C24 /* window.cpp */ = {isa = PBXFileReference; fileEncoding = 4; lastKnownFileType = sourcecode.cpp.cpp; name = window.cpp; path = src/window.cpp; sourceTree = "<group>"; };
		222084890A4CD23700D75C24 /* window.h */ = {isa = PBXFileReference; fileEncoding = 4; lastKnownFileType = sourcecode.c.h; name = window.h; path = include/window.h; sourceTree = "<group>"; };
		223229BB0A16C63C0035025E /* sound.h */ = {isa = PBXFileReference; fileEncoding = 4; lastKnownFileType = sourcecode.c.h; name = sound.h; path = include/sound.h; sourceTree = "<group>"; };
		223229BC0A16C63C0035025E /* sound.cpp */ = {isa = PBXFileReference; fileEncoding = 4; lastKnownFileType = sourcecode.cpp.cpp; name = sound.cpp; path = src/sound.cpp; sourceTree = "<group>"; };
		224200B80A0C569300F4BDF2 /* passage.cpp */ = {isa = PBXFileReference; fileEncoding = 30; lastKnownFileType = sourcecode.cpp.cpp; name = passage.cpp; path = src/objects/passage.cpp; sourceTree = "<group>"; };
		224200B90A0C569300F4BDF2 /* terrain.cpp */ = {isa = PBXFileReference; fileEncoding = 30; lastKnownFileType = sourcecode.cpp.cpp; name = terrain.cpp; path = src/objects/terrain.cpp; sourceTree = "<group>"; };
		224200BA0A0C569300F4BDF2 /* bullet.cpp */ = {isa = PBXFileReference; fileEncoding = 30; lastKnownFileType = sourcecode.cpp.cpp; name = bullet.cpp; path = src/objects/bullet.cpp; sourceTree = "<group>"; };
		224200BB0A0C569300F4BDF2 /* enemy.cpp */ = {isa = PBXFileReference; fileEncoding = 30; lastKnownFileType = sourcecode.cpp.cpp; name = enemy.cpp; path = src/objects/enemy.cpp; sourceTree = "<group>"; };
		224200BC0A0C569300F4BDF2 /* dup.cpp */ = {isa = PBXFileReference; fileEncoding = 30; lastKnownFileType = sourcecode.cpp.cpp; name = dup.cpp; path = src/objects/dup.cpp; sourceTree = "<group>"; };
		224200BD0A0C569300F4BDF2 /* zztoop.cpp */ = {isa = PBXFileReference; fileEncoding = 30; lastKnownFileType = sourcecode.cpp.cpp; name = zztoop.cpp; path = src/objects/zztoop.cpp; sourceTree = "<group>"; };
		224200BE0A0C569300F4BDF2 /* pusher.cpp */ = {isa = PBXFileReference; fileEncoding = 30; lastKnownFileType = sourcecode.cpp.cpp; name = pusher.cpp; path = src/objects/pusher.cpp; sourceTree = "<group>"; };
		224200BF0A0C569300F4BDF2 /* bomb.cpp */ = {isa = PBXFileReference; fileEncoding = 30; lastKnownFileType = sourcecode.cpp.cpp; name = bomb.cpp; path = src/objects/bomb.cpp; sourceTree = "<group>"; };
		224200C00A0C569300F4BDF2 /* items.cpp */ = {isa = PBXFileReference; fileEncoding = 30; lastKnownFileType = sourcecode.cpp.cpp; name = items.cpp; path = src/objects/items.cpp; sourceTree = "<group>"; };
		224200C20A0C569300F4BDF2 /* player.cpp */ = {isa = PBXFileReference; fileEncoding = 30; lastKnownFileType = sourcecode.cpp.cpp; name = player.cpp; path = src/objects/player.cpp; sourceTree = "<group>"; };
		2242FB9E0A0C104300F4BDF2 /* word.cpp */ = {isa = PBXFileReference; fileEncoding = 30; lastKnownFileType = sourcecode.cpp.cpp; name = word.cpp; path = src/word.cpp; sourceTree = "<group>"; };
		2242FBCA0A0C109000F4BDF2 /* enemy.h */ = {isa = PBXFileReference; fileEncoding = 30; lastKnownFileType = sourcecode.c.h; path = enemy.h; sourceTree = "<group>"; };
		2242FBCB0A0C109000F4BDF2 /* items.h */ = {isa = PBXFileReference; fileEncoding = 30; lastKnownFileType = sourcecode.c.h; path = items.h; sourceTree = "<group>"; };
		2242FBCC0A0C109000F4BDF2 /* objects.h */ = {isa = PBXFileReference; fileEncoding = 30; lastKnownFileType = sourcecode.c.h; path = objects.h; sourceTree = "<group>"; };
		2242FBCD0A0C109000F4BDF2 /* terrain.h */ = {isa = PBXFileReference; fileEncoding = 30; lastKnownFileType = sourcecode.c.h; path = terrain.h; sourceTree = "<group>"; };
		2242FBCE0A0C109000F4BDF2 /* word.h */ = {isa = PBXFileReference; fileEncoding = 30; lastKnownFileType = sourcecode.c.h; name = word.h; path = include/word.h; sourceTree = "<group>"; };
		2242FBCF0A0C109000F4BDF2 /* http.h */ = {isa = PBXFileReference; fileEncoding = 30; lastKnownFileType = sourcecode.c.h; name = http.h; path = include/http.h; sourceTree = "<group>"; };
		2242FBD00A0C109000F4BDF2 /* board.h */ = {isa = PBXFileReference; fileEncoding = 30; lastKnownFileType = sourcecode.c.h; name = board.h; path = include/board.h; sourceTree = "<group>"; };
		2242FBD20A0C109000F4BDF2 /* status.h */ = {isa = PBXFileReference; fileEncoding = 30; lastKnownFileType = sourcecode.c.h; name = status.h; path = include/status.h; sourceTree = "<group>"; };
		2242FBD30A0C109000F4BDF2 /* object.h */ = {isa = PBXFileReference; fileEncoding = 30; lastKnownFileType = sourcecode.c.h; name = object.h; path = include/object.h; sourceTree = "<group>"; };
		2242FBDF0A0C11DF00F4BDF2 /* main.cpp */ = {isa = PBXFileReference; fileEncoding = 30; lastKnownFileType = sourcecode.cpp.cpp; name = main.cpp; path = src/main.cpp; sourceTree = "<group>"; };
		2242FDA40A0C26F500F4BDF2 /* board.cpp */ = {isa = PBXFileReference; fileEncoding = 30; lastKnownFileType = sourcecode.cpp.cpp; name = board.cpp; path = src/board.cpp; sourceTree = "<group>"; };
		2242FDD40A0C312500F4BDF2 /* status.cpp */ = {isa = PBXFileReference; fileEncoding = 30; lastKnownFileType = sourcecode.cpp.cpp; name = status.cpp; path = src/status.cpp; sourceTree = "<group>"; };
		2242FDE90A0C31F100F4BDF2 /* object.cpp */ = {isa = PBXFileReference; fileEncoding = 30; lastKnownFileType = sourcecode.cpp.cpp; name = object.cpp; path = src/object.cpp; sourceTree = "<group>"; };
		2242FE460A0C373400F4BDF2 /* objdb */ = {isa = PBXFileReference; fileEncoding = 30; lastKnownFileType = text; name = objdb; path = src/objdb; sourceTree = SOURCE_ROOT; };
		2242FF290A0C442100F4BDF2 /* tutorial.zzt */ = {isa = PBXFileReference; lastKnownFileType = file; name = tutorial.zzt; path = resources/tutorial.zzt; sourceTree = "<group>"; };
		2255DF120A39196600C3272B /* drums.h */ = {isa = PBXFileReference; fileEncoding = 30; lastKnownFileType = sourcecode.c.h; name = drums.h; path = include/drums.h; sourceTree = "<group>"; };
		226F40B00B18BCD800FC07AE /* os.h */ = {isa = PBXFileReference; fileEncoding = 30; lastKnownFileType = sourcecode.c.h; name = os.h; path = include/os.h; sourceTree = "<group>"; };
		226F410C0B18BF9C00FC07AE /* Controller.m */ = {isa = PBXFileReference; fileEncoding = 30; lastKnownFileType = sourcecode.c.objc; name = Controller.m; path = src/Controller.m; sourceTree = "<group>"; };
		226F41100B18BFFB00FC07AE /* os.mm */ = {isa = PBXFileReference; fileEncoding = 4; lastKnownFileType = sourcecode.cpp.objcpp; name = os.mm; path = src/os.mm; sourceTree = "<group>"; };
		226F41BB0B19024300FC07AE /* doc_icon.icns */ = {isa = PBXFileReference; lastKnownFileType = image.icns; path = doc_icon.icns; sourceTree = "<group>"; };
		226F41C90B1909D800FC07AE /* sav_icon.icns */ = {isa = PBXFileReference; lastKnownFileType = image.icns; path = sav_icon.icns; sourceTree = "<group>"; };
		22907D650A1A947800B9BB6D /* debug.h */ = {isa = PBXFileReference; fileEncoding = 4; lastKnownFileType = sourcecode.c.h; name = debug.h; path = include/debug.h; sourceTree = "<group>"; };
		22907D660A1A947800B9BB6D /* debug.cpp */ = {isa = PBXFileReference; fileEncoding = 4; lastKnownFileType = sourcecode.cpp.cpp; name = debug.cpp; path = src/debug.cpp; sourceTree = "<group>"; };
		2296D4F60A0D338E00BD96D2 /* zzt-ascii.png */ = {isa = PBXFileReference; lastKnownFileType = image.png; name = "zzt-ascii.png"; path = "resources/zzt-ascii.png"; sourceTree = "<group>"; };
		229B98290A1F6F4400E85BB8 /* genobjects.sh */ = {isa = PBXFileReference; fileEncoding = 30; lastKnownFileType = text.script.sh; name = genobjects.sh; path = src/genobjects.sh; sourceTree = "<group>"; };
		229B9BA20A20CC5D00E85BB8 /* conveyer.cpp */ = {isa = PBXFileReference; fileEncoding = 30; lastKnownFileType = sourcecode.cpp.cpp; name = conveyer.cpp; path = src/objects/conveyer.cpp; sourceTree = "<group>"; };
		229DC1860B2332B8004C0FF9 /* Sparkle.framework */ = {isa = PBXFileReference; lastKnownFileType = wrapper.framework; path = Sparkle.framework; sourceTree = "<group>"; };
		22ABAB4D0A31145600B9C077 /* centipede.cpp */ = {isa = PBXFileReference; fileEncoding = 4; lastKnownFileType = sourcecode.cpp.cpp; name = centipede.cpp; path = src/objects/centipede.cpp; sourceTree = "<group>"; };
		22AD22CB0A13FAD8003E828E /* http.cpp */ = {isa = PBXFileReference; fileEncoding = 30; lastKnownFileType = sourcecode.cpp.cpp; name = http.cpp; path = src/http.cpp; sourceTree = "<group>"; };
		22C01BB70B1A67A100218E4C /* Tiki.framework */ = {isa = PBXFileReference; lastKnownFileType = wrapper.framework; name = Tiki.framework; path = ../tiki/osx/build/Deployment/Tiki.framework; sourceTree = SOURCE_ROOT; };
		22D2E46B0A55EAB100319F32 /* editor.cpp */ = {isa = PBXFileReference; fileEncoding = 4; lastKnownFileType = sourcecode.cpp.cpp; name = editor.cpp; path = src/editor.cpp; sourceTree = "<group>"; };
		22D2E4700A55EAC000319F32 /* editor.h */ = {isa = PBXFileReference; fileEncoding = 4; lastKnownFileType = sourcecode.c.h; name = editor.h; path = include/editor.h; sourceTree = "<group>"; };
		22EC1AC10A2B3FD600DEE79D /* icon.icns */ = {isa = PBXFileReference; lastKnownFileType = image.icns; path = icon.icns; sourceTree = "<group>"; };
		29B97316FDCFA39411CA2CEA /* main.m */ = {isa = PBXFileReference; fileEncoding = 4; lastKnownFileType = sourcecode.c.objc; path = main.m; sourceTree = "<group>"; };
		29B97319FDCFA39411CA2CEA /* English */ = {isa = PBXFileReference; lastKnownFileType = wrapper.nib; name = English; path = English.lproj/MainMenu.nib; sourceTree = "<group>"; };
		29B97324FDCFA39411CA2CEA /* AppKit.framework */ = {isa = PBXFileReference; lastKnownFileType = wrapper.framework; name = AppKit.framework; path = /System/Library/Frameworks/AppKit.framework; sourceTree = "<absolute>"; };
		29B97325FDCFA39411CA2CEA /* Foundation.framework */ = {isa = PBXFileReference; lastKnownFileType = wrapper.framework; name = Foundation.framework; path = /System/Library/Frameworks/Foundation.framework; sourceTree = "<absolute>"; };
		32CA4F630368D1EE00C91783 /* DreamZZT_Prefix.pch */ = {isa = PBXFileReference; fileEncoding = 4; lastKnownFileType = sourcecode.c.h; path = DreamZZT_Prefix.pch; sourceTree = "<group>"; };
		8D1107310486CEB800E47090 /* Info.plist */ = {isa = PBXFileReference; fileEncoding = 4; lastKnownFileType = text.plist; path = Info.plist; sourceTree = "<group>"; };
		8D1107320486CEB800E47090 /* DreamZZT.app */ = {isa = PBXFileReference; explicitFileType = wrapper.application; includeInIndex = 0; path = DreamZZT.app; sourceTree = BUILT_PRODUCTS_DIR; };
		C4F50ECB0799E1350001D0D0 /* Controller.h */ = {isa = PBXFileReference; fileEncoding = 30; lastKnownFileType = sourcecode.c.h; name = Controller.h; path = src/Controller.h; sourceTree = "<group>"; };
		C4F50EEE0799E5B40001D0D0 /* OpenGL.framework */ = {isa = PBXFileReference; lastKnownFileType = wrapper.framework; name = OpenGL.framework; path = /System/Library/Frameworks/OpenGL.framework; sourceTree = "<absolute>"; };
/* End PBXFileReference section */

/* Begin PBXFrameworksBuildPhase section */
		8D11072E0486CEB800E47090 /* Frameworks */ = {
			isa = PBXFrameworksBuildPhase;
			buildActionMask = 2147483647;
			files = (
				8D11072F0486CEB800E47090 /* Cocoa.framework in Frameworks */,
				C4F50EEF0799E5B40001D0D0 /* OpenGL.framework in Frameworks */,
				22C01BB80B1A67A100218E4C /* Tiki.framework in Frameworks */,
				229DC1870B2332B8004C0FF9 /* Sparkle.framework in Frameworks */,
			);
			runOnlyForDeploymentPostprocessing = 0;
		};
/* End PBXFrameworksBuildPhase section */

/* Begin PBXGroup section */
		080E96DDFE201D6D7F000001 /* Classes */ = {
			isa = PBXGroup;
			children = (
				226F410C0B18BF9C00FC07AE /* Controller.m */,
				2242FE330A0C349300F4BDF2 /* Objects */,
				2242FDA40A0C26F500F4BDF2 /* board.cpp */,
				22907D660A1A947800B9BB6D /* debug.cpp */,
				22D2E46B0A55EAB100319F32 /* editor.cpp */,
				22AD22CB0A13FAD8003E828E /* http.cpp */,
				2242FBDF0A0C11DF00F4BDF2 /* main.cpp */,
				2242FDE90A0C31F100F4BDF2 /* object.cpp */,
				223229BC0A16C63C0035025E /* sound.cpp */,
				2242FDD40A0C312500F4BDF2 /* status.cpp */,
				222084860A4CD20800D75C24 /* window.cpp */,
				2242FB9E0A0C104300F4BDF2 /* word.cpp */,
				226F41100B18BFFB00FC07AE /* os.mm */,
			);
			name = Classes;
			sourceTree = "<group>";
		};
		1058C7A0FEA54F0111CA2CBB /* Linked Frameworks */ = {
			isa = PBXGroup;
			children = (
				229DC1860B2332B8004C0FF9 /* Sparkle.framework */,
				22C01BB70B1A67A100218E4C /* Tiki.framework */,
				C4F50EEE0799E5B40001D0D0 /* OpenGL.framework */,
				1058C7A1FEA54F0111CA2CBB /* Cocoa.framework */,
			);
			name = "Linked Frameworks";
			sourceTree = "<group>";
		};
		1058C7A2FEA54F0111CA2CBB /* Other Frameworks */ = {
			isa = PBXGroup;
			children = (
				29B97325FDCFA39411CA2CEA /* Foundation.framework */,
				29B97324FDCFA39411CA2CEA /* AppKit.framework */,
			);
			name = "Other Frameworks";
			sourceTree = "<group>";
		};
		19C28FACFE9D520D11CA2CBB /* Products */ = {
			isa = PBXGroup;
			children = (
				8D1107320486CEB800E47090 /* DreamZZT.app */,
			);
			name = Products;
			sourceTree = "<group>";
		};
		2242FBC70A0C106500F4BDF2 /* Headers */ = {
			isa = PBXGroup;
			children = (
				2242FBC90A0C109000F4BDF2 /* objects */,
				2242FBD00A0C109000F4BDF2 /* board.h */,
				C4F50ECB0799E1350001D0D0 /* Controller.h */,
				22907D650A1A947800B9BB6D /* debug.h */,
				2255DF120A39196600C3272B /* drums.h */,
				22D2E4700A55EAC000319F32 /* editor.h */,
				2242FBCF0A0C109000F4BDF2 /* http.h */,
				2242FBD30A0C109000F4BDF2 /* object.h */,
				226F40B00B18BCD800FC07AE /* os.h */,
				223229BB0A16C63C0035025E /* sound.h */,
				2242FBD20A0C109000F4BDF2 /* status.h */,
				222084890A4CD23700D75C24 /* window.h */,
				2242FBCE0A0C109000F4BDF2 /* word.h */,
			);
			name = Headers;
			sourceTree = "<group>";
		};
		2242FBC90A0C109000F4BDF2 /* objects */ = {
			isa = PBXGroup;
			children = (
				2242FE460A0C373400F4BDF2 /* objdb */,
				2242FBCA0A0C109000F4BDF2 /* enemy.h */,
				2242FBCB0A0C109000F4BDF2 /* items.h */,
				2242FBCC0A0C109000F4BDF2 /* objects.h */,
				2242FBCD0A0C109000F4BDF2 /* terrain.h */,
			);
			name = objects;
			path = include/objects;
			sourceTree = "<group>";
		};
		2242FE330A0C349300F4BDF2 /* Objects */ = {
			isa = PBXGroup;
			children = (
				224200BF0A0C569300F4BDF2 /* bomb.cpp */,
				224200BA0A0C569300F4BDF2 /* bullet.cpp */,
				229B9BA20A20CC5D00E85BB8 /* conveyer.cpp */,
				224200BC0A0C569300F4BDF2 /* dup.cpp */,
				224200BB0A0C569300F4BDF2 /* enemy.cpp */,
				224200C00A0C569300F4BDF2 /* items.cpp */,
				224200B80A0C569300F4BDF2 /* passage.cpp */,
				224200C20A0C569300F4BDF2 /* player.cpp */,
				224200BE0A0C569300F4BDF2 /* pusher.cpp */,
				224200B90A0C569300F4BDF2 /* terrain.cpp */,
				224200BD0A0C569300F4BDF2 /* zztoop.cpp */,
				22ABAB4D0A31145600B9C077 /* centipede.cpp */,
			);
			name = Objects;
			sourceTree = "<group>";
		};
		29B97314FDCFA39411CA2CEA /* DreamZZT */ = {
			isa = PBXGroup;
			children = (
				2242FBC70A0C106500F4BDF2 /* Headers */,
				080E96DDFE201D6D7F000001 /* Classes */,
				29B97315FDCFA39411CA2CEA /* Other Sources */,
				29B97317FDCFA39411CA2CEA /* Resources */,
				29B97323FDCFA39411CA2CEA /* Frameworks */,
				19C28FACFE9D520D11CA2CBB /* Products */,
			);
			name = DreamZZT;
			sourceTree = "<group>";
		};
		29B97315FDCFA39411CA2CEA /* Other Sources */ = {
			isa = PBXGroup;
			children = (
				229B98290A1F6F4400E85BB8 /* genobjects.sh */,
				32CA4F630368D1EE00C91783 /* DreamZZT_Prefix.pch */,
				29B97316FDCFA39411CA2CEA /* main.m */,
			);
			name = "Other Sources";
			sourceTree = "<group>";
		};
		29B97317FDCFA39411CA2CEA /* Resources */ = {
			isa = PBXGroup;
			children = (
				226F41C90B1909D800FC07AE /* sav_icon.icns */,
				226F41BB0B19024300FC07AE /* doc_icon.icns */,
				22EC1AC10A2B3FD600DEE79D /* icon.icns */,
				2296D4F60A0D338E00BD96D2 /* zzt-ascii.png */,
				2242FF290A0C442100F4BDF2 /* tutorial.zzt */,
				8D1107310486CEB800E47090 /* Info.plist */,
				089C165CFE840E0CC02AAC07 /* InfoPlist.strings */,
				29B97318FDCFA39411CA2CEA /* MainMenu.nib */,
			);
			name = Resources;
			sourceTree = "<group>";
		};
		29B97323FDCFA39411CA2CEA /* Frameworks */ = {
			isa = PBXGroup;
			children = (
				1058C7A0FEA54F0111CA2CBB /* Linked Frameworks */,
				1058C7A2FEA54F0111CA2CBB /* Other Frameworks */,
			);
			name = Frameworks;
			sourceTree = "<group>";
		};
/* End PBXGroup section */

/* Begin PBXNativeTarget section */
		8D1107260486CEB800E47090 /* DreamZZT */ = {
			isa = PBXNativeTarget;
			buildConfigurationList = 64FBB927092EA33F00427AD0 /* Build configuration list for PBXNativeTarget "DreamZZT" */;
			buildPhases = (
				8D1107290486CEB800E47090 /* Resources */,
				8D11072C0486CEB800E47090 /* Sources */,
				8D11072E0486CEB800E47090 /* Frameworks */,
				C4332D16079B22450025BF39 /* CopyFiles */,
				C4332EE0079B242E0025BF39 /* ShellScript */,
			);
			buildRules = (
			);
			dependencies = (
			);
			name = DreamZZT;
			productInstallPath = "$(HOME)/Applications";
			productName = DreamZZT;
			productReference = 8D1107320486CEB800E47090 /* DreamZZT.app */;
			productType = "com.apple.product-type.application";
		};
/* End PBXNativeTarget section */

/* Begin PBXProject section */
		29B97313FDCFA39411CA2CEA /* Project object */ = {
			isa = PBXProject;
			buildConfigurationList = 64FBB92B092EA33F00427AD0 /* Build configuration list for PBXProject "DreamZZT" */;
			hasScannedForEncodings = 1;
			mainGroup = 29B97314FDCFA39411CA2CEA /* DreamZZT */;
			projectDirPath = "";
			projectRoot = "";
			targets = (
				8D1107260486CEB800E47090 /* DreamZZT */,
			);
		};
/* End PBXProject section */

/* Begin PBXResourcesBuildPhase section */
		8D1107290486CEB800E47090 /* Resources */ = {
			isa = PBXResourcesBuildPhase;
			buildActionMask = 2147483647;
			files = (
				8D11072A0486CEB800E47090 /* MainMenu.nib in Resources */,
				8D11072B0486CEB800E47090 /* InfoPlist.strings in Resources */,
				2242FE470A0C373400F4BDF2 /* objdb in Resources */,
				2242FF2A0A0C442100F4BDF2 /* tutorial.zzt in Resources */,
				2296D4F70A0D338E00BD96D2 /* zzt-ascii.png in Resources */,
				229B982A0A1F6F4400E85BB8 /* genobjects.sh in Resources */,
				22EC1AC20A2B3FD700DEE79D /* icon.icns in Resources */,
				226F41BC0B19024300FC07AE /* doc_icon.icns in Resources */,
				226F41CA0B1909D800FC07AE /* sav_icon.icns in Resources */,
			);
			runOnlyForDeploymentPostprocessing = 0;
		};
/* End PBXResourcesBuildPhase section */

/* Begin PBXShellScriptBuildPhase section */
		C4332EE0079B242E0025BF39 /* ShellScript */ = {
			isa = PBXShellScriptBuildPhase;
			buildActionMask = 2147483647;
			files = (
			);
			inputPaths = (
			);
			outputPaths = (
			);
			runOnlyForDeploymentPostprocessing = 0;
			shellPath = /bin/sh;
			shellScript = "# rm -rfv ${EXECUTABLE_FOLDER_PATH}/PrivateHeaders\n";
		};
/* End PBXShellScriptBuildPhase section */

/* Begin PBXSourcesBuildPhase section */
		8D11072C0486CEB800E47090 /* Sources */ = {
			isa = PBXSourcesBuildPhase;
			buildActionMask = 2147483647;
			files = (
				8D11072D0486CEB800E47090 /* main.m in Sources */,
				2242FBA70A0C104300F4BDF2 /* word.cpp in Sources */,
				2242FBE00A0C11DF00F4BDF2 /* main.cpp in Sources */,
				2242FDA50A0C26F500F4BDF2 /* board.cpp in Sources */,
				2242FDD50A0C312500F4BDF2 /* status.cpp in Sources */,
				2242FDEA0A0C31F100F4BDF2 /* object.cpp in Sources */,
				224200C30A0C569300F4BDF2 /* passage.cpp in Sources */,
				224200C40A0C569300F4BDF2 /* terrain.cpp in Sources */,
				224200C50A0C569300F4BDF2 /* bullet.cpp in Sources */,
				224200C60A0C569300F4BDF2 /* enemy.cpp in Sources */,
				224200C70A0C569300F4BDF2 /* dup.cpp in Sources */,
				224200C80A0C569300F4BDF2 /* zztoop.cpp in Sources */,
				224200C90A0C569300F4BDF2 /* pusher.cpp in Sources */,
				224200CA0A0C569300F4BDF2 /* bomb.cpp in Sources */,
				224200CB0A0C569300F4BDF2 /* items.cpp in Sources */,
				224200CD0A0C569300F4BDF2 /* player.cpp in Sources */,
				22AD22CC0A13FAD8003E828E /* http.cpp in Sources */,
				223229BE0A16C63C0035025E /* sound.cpp in Sources */,
				22907D680A1A947800B9BB6D /* debug.cpp in Sources */,
				229B9BA30A20CC5D00E85BB8 /* conveyer.cpp in Sources */,
				22ABAB4E0A31145600B9C077 /* centipede.cpp in Sources */,
				222084870A4CD20800D75C24 /* window.cpp in Sources */,
				22D2E46D0A55EAB200319F32 /* editor.cpp in Sources */,
				226F410D0B18BF9C00FC07AE /* Controller.m in Sources */,
				226F41110B18BFFB00FC07AE /* os.mm in Sources */,
			);
			runOnlyForDeploymentPostprocessing = 0;
		};
/* End PBXSourcesBuildPhase section */

/* Begin PBXVariantGroup section */
		089C165CFE840E0CC02AAC07 /* InfoPlist.strings */ = {
			isa = PBXVariantGroup;
			children = (
				089C165DFE840E0CC02AAC07 /* English */,
			);
			name = InfoPlist.strings;
			sourceTree = "<group>";
		};
		29B97318FDCFA39411CA2CEA /* MainMenu.nib */ = {
			isa = PBXVariantGroup;
			children = (
				29B97319FDCFA39411CA2CEA /* English */,
			);
			name = MainMenu.nib;
			sourceTree = "<group>";
		};
/* End PBXVariantGroup section */

/* Begin XCBuildConfiguration section */
		64FBB928092EA33F00427AD0 /* Development */ = {
			isa = XCBuildConfiguration;
			buildSettings = {
				COPY_PHASE_STRIP = NO;
				FRAMEWORK_SEARCH_PATHS = (
					../../osx/build/Development/,
					"$(SRCROOT)/../../tiki/osx/build/Development",
					"$(SRCROOT)/../../tiki/osx/build/Deployment",
					"$(FRAMEWORK_SEARCH_PATHS_QUOTED_1)",
					"$(FRAMEWORK_SEARCH_PATHS_QUOTED_2)",
					"$(FRAMEWORK_SEARCH_PATHS_QUOTED_3)",
					"$(FRAMEWORK_SEARCH_PATHS_QUOTED_4)",
				);
				FRAMEWORK_SEARCH_PATHS_QUOTED_1 = "\"$(SRCROOT)/../tiki/osx/build/Development\"";
				FRAMEWORK_SEARCH_PATHS_QUOTED_2 = "\"$(SRCROOT)/../tiki/osx/build/Deployment\"";
				FRAMEWORK_SEARCH_PATHS_QUOTED_3 = "\"$(SRCROOT)/../tiki/osx/build/Deployment\"";
				FRAMEWORK_SEARCH_PATHS_QUOTED_4 = "\"$(SRCROOT)\"";
				GCC_DYNAMIC_NO_PIC = NO;
				GCC_ENABLE_FIX_AND_CONTINUE = YES;
				GCC_GENERATE_DEBUGGING_SYMBOLS = YES;
				GCC_OPTIMIZATION_LEVEL = 0;
				GCC_PRECOMPILE_PREFIX_HEADER = NO;
				GCC_PREFIX_HEADER = DreamZZT_Prefix.pch;
				GCC_PREPROCESSOR_DEFINITIONS = DEBUG;
				INFOPLIST_FILE = Info.plist;
				INSTALL_PATH = "$(HOME)/Applications";
				PREBINDING = NO;
				PRODUCT_NAME = DreamZZT;
				WRAPPER_EXTENSION = app;
				ZERO_LINK = NO;
			};
			name = Development;
		};
		64FBB929092EA33F00427AD0 /* Deployment */ = {
			isa = XCBuildConfiguration;
			buildSettings = {
				ARCHS = (
					ppc,
					i386,
				);
				COPY_PHASE_STRIP = YES;
				FRAMEWORK_SEARCH_PATHS = (
					"$(FRAMEWORK_SEARCH_PATHS_QUOTED_1)",
					"$(FRAMEWORK_SEARCH_PATHS_QUOTED_2)",
				);
				FRAMEWORK_SEARCH_PATHS_QUOTED_1 = "\"$(SRCROOT)/../tiki/osx/build/Deployment\"";
				FRAMEWORK_SEARCH_PATHS_QUOTED_2 = "\"$(SRCROOT)\"";
				GCC_ENABLE_FIX_AND_CONTINUE = NO;
				GCC_GENERATE_DEBUGGING_SYMBOLS = NO;
				GCC_PRECOMPILE_PREFIX_HEADER = NO;
				GCC_PREFIX_HEADER = DreamZZT_Prefix.pch;
				GCC_PREPROCESSOR_DEFINITIONS = "";
				INFOPLIST_FILE = Info.plist;
				INSTALL_PATH = "$(HOME)/Applications";
				PRODUCT_NAME = DreamZZT;
				WRAPPER_EXTENSION = app;
				ZERO_LINK = NO;
			};
			name = Deployment;
		};
		64FBB92A092EA33F00427AD0 /* Default */ = {
			isa = XCBuildConfiguration;
			buildSettings = {
				FRAMEWORK_SEARCH_PATHS = (
					../../osx/build/Development/,
					"$(SRCROOT)/../../tiki/osx/build/Development",
					"$(SRCROOT)/../../tiki/osx/build/Deployment",
					"$(FRAMEWORK_SEARCH_PATHS_QUOTED_1)",
					"$(FRAMEWORK_SEARCH_PATHS_QUOTED_2)",
					"$(FRAMEWORK_SEARCH_PATHS_QUOTED_3)",
					"$(FRAMEWORK_SEARCH_PATHS_QUOTED_4)",
				);
				FRAMEWORK_SEARCH_PATHS_QUOTED_1 = "\"$(SRCROOT)/../tiki/osx/build/Development\"";
				FRAMEWORK_SEARCH_PATHS_QUOTED_2 = "\"$(SRCROOT)/../tiki/osx/build/Deployment\"";
				FRAMEWORK_SEARCH_PATHS_QUOTED_3 = "\"$(SRCROOT)/../tiki/osx/build/Deployment\"";
				FRAMEWORK_SEARCH_PATHS_QUOTED_4 = "\"$(SRCROOT)\"";
				GCC_GENERATE_DEBUGGING_SYMBOLS = NO;
				GCC_PRECOMPILE_PREFIX_HEADER = NO;
				GCC_PREFIX_HEADER = DreamZZT_Prefix.pch;
				GCC_PREPROCESSOR_DEFINITIONS = "";
				INFOPLIST_FILE = Info.plist;
				INSTALL_PATH = "$(HOME)/Applications";
				PRODUCT_NAME = DreamZZT;
				WRAPPER_EXTENSION = app;
			};
			name = Default;
		};
		64FBB92C092EA33F00427AD0 /* Development */ = {
			isa = XCBuildConfiguration;
			buildSettings = {
				HEADER_SEARCH_PATHS = include;
				SDKROOT = /Developer/SDKs/MacOSX10.4u.sdk;
			};
			name = Development;
		};
		64FBB92D092EA33F00427AD0 /* Deployment */ = {
			isa = XCBuildConfiguration;
			buildSettings = {
				HEADER_SEARCH_PATHS = include;
				SDKROOT = /Developer/SDKs/MacOSX10.4u.sdk;
			};
			name = Deployment;
		};
		64FBB92E092EA33F00427AD0 /* Default */ = {
			isa = XCBuildConfiguration;
			buildSettings = {
				HEADER_SEARCH_PATHS = include;
				SDKROOT = /Developer/SDKs/MacOSX10.4u.sdk;
			};
			name = Default;
		};
/* End XCBuildConfiguration section */

/* Begin XCConfigurationList section */
		64FBB927092EA33F00427AD0 /* Build configuration list for PBXNativeTarget "DreamZZT" */ = {
			isa = XCConfigurationList;
			buildConfigurations = (
				64FBB928092EA33F00427AD0 /* Development */,
				64FBB929092EA33F00427AD0 /* Deployment */,
				64FBB92A092EA33F00427AD0 /* Default */,
			);
			defaultConfigurationIsVisible = 0;
			defaultConfigurationName = Default;
		};
		64FBB92B092EA33F00427AD0 /* Build configuration list for PBXProject "DreamZZT" */ = {
			isa = XCConfigurationList;
			buildConfigurations = (
				64FBB92C092EA33F00427AD0 /* Development */,
				64FBB92D092EA33F00427AD0 /* Deployment */,
				64FBB92E092EA33F00427AD0 /* Default */,
			);
			defaultConfigurationIsVisible = 0;
			defaultConfigurationName = Default;
		};
/* End XCConfigurationList section */
	};
	rootObject = 29B97313FDCFA39411CA2CEA /* Project object */;
}
